PODS:
  - Alamofire (5.8.0)
  - BigInt (5.2.0)
  - CocoaLumberjack/Core (3.8.1)
  - CocoaLumberjack/Swift (3.8.1):
    - CocoaLumberjack/Core
  - CryptoSwift (1.8.0)
  - FLEX (5.22.10)
  - MBProgressHUD (1.2.0)
  - Moya (15.0.0):
    - Moya/Core (= 15.0.0)
  - Moya/Core (15.0.0):
    - Alamofire (~> 5.0)
  - "NSObject+Rx (5.2.2)":
    - RxSwift (~> 6.2)
  - RxCocoa (6.6.0):
    - RxRelay (= 6.6.0)
    - RxSwift (= 6.6.0)
  - RxRelay (6.6.0):
    - RxSwift (= 6.6.0)
  - RxSwift (6.6.0)
  - secp256k1.c (0.1.2)
  - SnapKit (5.6.0)
  - SwiftyJSON (5.0.1)

DEPENDENCIES:
  - Alamofire
  - BigInt
  - CocoaLumberjack/Swift
  - CryptoSwift
  - FLEX
  - MBProgressHUD
  - Moya
  - "NSObject+Rx"
  - RxCocoa
  - RxSwift
  - secp256k1.c
  - SnapKit
  - SwiftyJSON

SPEC REPOS:
  https://github.com/CocoaPods/Specs.git:
    - Alamofire
    - BigInt
    - CocoaLumberjack
    - CryptoSwift
    - FLEX
    - MBProgressHUD
    - Moya
    - "NSObject+Rx"
    - RxCocoa
    - RxRelay
    - RxSwift
    - secp256k1.c
    - SnapKit
    - SwiftyJSON

SPEC CHECKSUMS:
  Alamofire: 0e92e751b3e9e66d7982db43919d01f313b8eb91
  BigInt: f668a80089607f521586bbe29513d708491ef2f7
  CocoaLumberjack: 5c7e64cdb877770859bddec4d3d5a0d7c9299df9
  CryptoSwift: 52aaf3fce7337552863b1d952e408085f0e65030
  FLEX: f21ee4f498eed3f8a1eded66b21939fd3b7a22ce
  MBProgressHUD: 3ee5efcc380f6a79a7cc9b363dd669c5e1ae7406
  Moya: 138f0573e53411fb3dc17016add0b748dfbd78ee
  "NSObject+Rx": 61cf1f7306a73dcef8b36649198af0813ec18dfd
  RxCocoa: 44a80de90e25b739b5aeaae3c8c371a32e3343cc
  RxRelay: 45eaa5db8ee4fb50e5ebd57deec0159e97fa51e6
  RxSwift: a4b44f7d24599f674deebd1818eab82e58410632
  secp256k1.c: db47b726585d80f027423682eb369729e61b3b20
  SnapKit: e01d52ebb8ddbc333eefe2132acf85c8227d9c25
  SwiftyJSON: 2f33a42c6fbc52764d96f13368585094bfd8aa5e

PODFILE CHECKSUM: 1addb6b11540103523979ed960a25394f8707cf4

COCOAPODS: 1.15.2
