PODS:
  - Alamofire (5.4.3)
  - BigInt (5.2.0)
  - CocoaLumberjack/Core (3.7.2)
  - CocoaLumberjack/Swift (3.7.2):
    - CocoaLumberjack/Core
  - CryptoSwift (1.4.0)
  - FLEX (4.4.1)
  - MBProgressHUD (1.2.0)
  - Moya (14.0.0):
    - Moya/Core (= 14.0.0)
  - Moya/Core (14.0.0):
    - Alamofire (~> 5.0)
  - "NSObject+Rx (5.2.1)":
    - RxSwift (~> 6.0)
  - RxCocoa (6.2.0):
    - RxRelay (= 6.2.0)
    - RxSwift (= 6.2.0)
  - RxRelay (6.2.0):
    - RxSwift (= 6.2.0)
  - RxSwift (6.2.0)
  - secp256k1.c (0.1.2)
  - SnapKit (5.0.1)
  - SwiftyJSON (5.0.1)

DEPENDENCIES:
  - Alamofire
  - BigInt
  - CocoaLumberjack/Swift
  - CryptoSwift
  - FLEX
  - MBProgressHUD
  - Moya
  - "NSObject+Rx"
  - RxCocoa
  - RxSwift
  - secp256k1.c
  - SnapKit
  - SwiftyJSON

SPEC REPOS:
  https://github.com/CocoaPods/Specs.git:
    - MBProgressHUD
    - secp256k1.c
  trunk:
    - Alamofire
    - BigInt
    - CocoaLumberjack
    - CryptoSwift
    - FLEX
    - Moya
    - "NSObject+Rx"
    - RxCocoa
    - RxRelay
    - RxSwift
    - SnapKit
    - SwiftyJSON

SPEC CHECKSUMS:
  Alamofire: e447a2774a40c996748296fa2c55112fdbbc42f9
  BigInt: f668a80089607f521586bbe29513d708491ef2f7
  CocoaLumberjack: b7e05132ff94f6ae4dfa9d5bce9141893a21d9da
  CryptoSwift: 7cc902df1784de3b389a387756c7d710f197730c
  FLEX: 7ca2c8cd3a435ff501ff6d2f2141e9bdc934eaab
  MBProgressHUD: 3ee5efcc380f6a79a7cc9b363dd669c5e1ae7406
  Moya: 5b45dacb75adb009f97fde91c204c1e565d31916
  "NSObject+Rx": 49ffbf55ad0bbc29a44547db63a9e33caf0c5d60
  RxCocoa: 4baf94bb35f2c0ab31bc0cb9f1900155f646ba42
  RxRelay: e72dbfd157807478401ef1982e1c61c945c94b2f
  RxSwift: d356ab7bee873611322f134c5f9ef379fa183d8f
  secp256k1.c: db47b726585d80f027423682eb369729e61b3b20
  SnapKit: 97b92857e3df3a0c71833cce143274bf6ef8e5eb
  SwiftyJSON: 2f33a42c6fbc52764d96f13368585094bfd8aa5e

PODFILE CHECKSUM: c491477a6871ca9fe2f1c37bd85112d137648d54

COCOAPODS: 1.11.3
