// !$*UTF8*$!
{
	archiveVersion = 1;
	classes = {
	};
	objectVersion = 51;
	objects = {

/* Begin PBXBuildFile section */
		1818101E248E10F200BB4D03 /* test.png in Resources */ = {isa = PBXBuildFile; fileRef = 1818101D248E10F200BB4D03 /* test.png */; };
		1831114B24469EB700155620 /* AppDelegate.swift in Sources */ = {isa = PBXBuildFile; fileRef = 1831114A24469EB700155620 /* AppDelegate.swift */; };
		1831114F24469EB700155620 /* ViewController.swift in Sources */ = {isa = PBXBuildFile; fileRef = 1831114E24469EB700155620 /* ViewController.swift */; };
		1831115224469EB700155620 /* Main.storyboard in Resources */ = {isa = PBXBuildFile; fileRef = 1831115024469EB700155620 /* Main.storyboard */; };
		1831115424469EB900155620 /* Assets.xcassets in Resources */ = {isa = PBXBuildFile; fileRef = 1831115324469EB900155620 /* Assets.xcassets */; };
		1831115724469EB900155620 /* LaunchScreen.storyboard in Resources */ = {isa = PBXBuildFile; fileRef = 1831115524469EB900155620 /* LaunchScreen.storyboard */; };
		183111FA2446A8D400155620 /* Test.m in Sources */ = {isa = PBXBuildFile; fileRef = 183111F92446A8D400155620 /* Test.m */; };
		7ED1CA540CCEE052DF44FE7A /* Pods_SwiftTool.framework in Frameworks */ = {isa = PBXBuildFile; fileRef = 4806E0A8EE8767510EF2FD61 /* Pods_SwiftTool.framework */; };
		85009A56265EAB9200DBE03F /* NavigationBarController.swift in Sources */ = {isa = PBXBuildFile; fileRef = 85009A55265EAB9200DBE03F /* NavigationBarController.swift */; };
		8506CD2C265B2EA300ACF112 /* SingleLocation.swift in Sources */ = {isa = PBXBuildFile; fileRef = 8506CD2B265B2EA300ACF112 /* SingleLocation.swift */; };
		8506CD30265B2EAE00ACF112 /* SingleLocationAuthorization.swift in Sources */ = {isa = PBXBuildFile; fileRef = 8506CD2F265B2EAE00ACF112 /* SingleLocationAuthorization.swift */; };
		8506CD3E265B3FC300ACF112 /* WordsSort.swift in Sources */ = {isa = PBXBuildFile; fileRef = 8506CD3D265B3FC300ACF112 /* WordsSort.swift */; };
		8506CD46265B40D300ACF112 /* AlertEngine.swift in Sources */ = {isa = PBXBuildFile; fileRef = 8506CD45265B40D300ACF112 /* AlertEngine.swift */; };
		8506CD55265B689900ACF112 /* PickerToolBar.swift in Sources */ = {isa = PBXBuildFile; fileRef = 8506CD54265B689900ACF112 /* PickerToolBar.swift */; };
		8506CD5B265B690700ACF112 /* CityData.swift in Sources */ = {isa = PBXBuildFile; fileRef = 8506CD5A265B690700ACF112 /* CityData.swift */; };
		8506CD61265B693000ACF112 /* PickerView.swift in Sources */ = {isa = PBXBuildFile; fileRef = 8506CD60265B693000ACF112 /* PickerView.swift */; };
		8506CD67265B696300ACF112 /* CityModel.swift in Sources */ = {isa = PBXBuildFile; fileRef = 8506CD66265B696300ACF112 /* CityModel.swift */; };
		8506CD6D265B699B00ACF112 /* DatePickerView.swift in Sources */ = {isa = PBXBuildFile; fileRef = 8506CD6C265B699B00ACF112 /* DatePickerView.swift */; };
		8506CD75265B69BA00ACF112 /* CityPickerView.swift in Sources */ = {isa = PBXBuildFile; fileRef = 8506CD74265B69BA00ACF112 /* CityPickerView.swift */; };
		8506CD7B265B6A6000ACF112 /* Log.swift in Sources */ = {isa = PBXBuildFile; fileRef = 8506CD7A265B6A6000ACF112 /* Log.swift */; };
		8506CF64265BAE2000ACF112 /* NavigationBar.swift in Sources */ = {isa = PBXBuildFile; fileRef = 8506CF63265BAE2000ACF112 /* NavigationBar.swift */; };
		85237B732652744B00162AC8 /* UIApplication+Notification.swift in Sources */ = {isa = PBXBuildFile; fileRef = 85237B722652744B00162AC8 /* UIApplication+Notification.swift */; };
		85237B79265275E700162AC8 /* UIButton+Extension.swift in Sources */ = {isa = PBXBuildFile; fileRef = 85237B78265275E700162AC8 /* UIButton+Extension.swift */; };
		85237B7D2652761400162AC8 /* UIControl+Extension.swift in Sources */ = {isa = PBXBuildFile; fileRef = 85237B7C2652761400162AC8 /* UIControl+Extension.swift */; };
		854C4EB7265E092C0024F506 /* UIViewController+NavigationBar.swift in Sources */ = {isa = PBXBuildFile; fileRef = 854C4EB6265E092C0024F506 /* UIViewController+NavigationBar.swift */; };
		855C461F265A351600893BE6 /* Galaxy.swift in Sources */ = {isa = PBXBuildFile; fileRef = 855C461E265A351600893BE6 /* Galaxy.swift */; };
		855C4621265A91A900893BE6 /* CTParagraphStyle+Extension.swift in Sources */ = {isa = PBXBuildFile; fileRef = 855C4620265A91A900893BE6 /* CTParagraphStyle+Extension.swift */; };
		855C4622265A91A900893BE6 /* CTParagraphStyle+Extension.swift in Sources */ = {isa = PBXBuildFile; fileRef = 855C4620265A91A900893BE6 /* CTParagraphStyle+Extension.swift */; };
		85779837265F382B0010E5DC /* Base58.swift in Sources */ = {isa = PBXBuildFile; fileRef = 85779836265F382B0010E5DC /* Base58.swift */; };
		8577983D265F383C0010E5DC /* ETH.swift in Sources */ = {isa = PBXBuildFile; fileRef = 8577983C265F383C0010E5DC /* ETH.swift */; };
		85779841265F503C0010E5DC /* Timer+Extension.swift in Sources */ = {isa = PBXBuildFile; fileRef = 85779840265F503C0010E5DC /* Timer+Extension.swift */; };
		857D979126536AFF00B436E2 /* String+WordsSort.swift in Sources */ = {isa = PBXBuildFile; fileRef = 857D979026536AFF00B436E2 /* String+WordsSort.swift */; };
		857D979726538A9400B436E2 /* Alamofire.NetworkReachabilityManager+Extension.swift in Sources */ = {isa = PBXBuildFile; fileRef = 857D979626538A9400B436E2 /* Alamofire.NetworkReachabilityManager+Extension.swift */; };
		857D97C326538F5500B436E2 /* WKWebView+Extension.swift in Sources */ = {isa = PBXBuildFile; fileRef = 857D97C226538F5500B436E2 /* WKWebView+Extension.swift */; };
		857D97E02653EADC00B436E2 /* UIApplication+MapExtension.swift in Sources */ = {isa = PBXBuildFile; fileRef = 857D97DF2653EADC00B436E2 /* UIApplication+MapExtension.swift */; };
		857F87982650D3FE002D59AE /* FileManager+Extension.swift in Sources */ = {isa = PBXBuildFile; fileRef = 857F87972650D3FE002D59AE /* FileManager+Extension.swift */; };
		857F87992650D3FE002D59AE /* FileManager+Extension.swift in Sources */ = {isa = PBXBuildFile; fileRef = 857F87972650D3FE002D59AE /* FileManager+Extension.swift */; };
		857F879B2650DC25002D59AE /* NSParagraphStyle+Extension.swift in Sources */ = {isa = PBXBuildFile; fileRef = 857F879A2650DC25002D59AE /* NSParagraphStyle+Extension.swift */; };
		857F879C2650DC25002D59AE /* NSParagraphStyle+Extension.swift in Sources */ = {isa = PBXBuildFile; fileRef = 857F879A2650DC25002D59AE /* NSParagraphStyle+Extension.swift */; };
		857F879E2650DC74002D59AE /* NSMutableAttributedString+Extension.swift in Sources */ = {isa = PBXBuildFile; fileRef = 857F879D2650DC74002D59AE /* NSMutableAttributedString+Extension.swift */; };
		857F879F2650DC74002D59AE /* NSMutableAttributedString+Extension.swift in Sources */ = {isa = PBXBuildFile; fileRef = 857F879D2650DC74002D59AE /* NSMutableAttributedString+Extension.swift */; };
		857F87A12650E068002D59AE /* UIColor+Extension.swift in Sources */ = {isa = PBXBuildFile; fileRef = 857F87A02650E068002D59AE /* UIColor+Extension.swift */; };
		857F87A22650E068002D59AE /* UIColor+Extension.swift in Sources */ = {isa = PBXBuildFile; fileRef = 857F87A02650E068002D59AE /* UIColor+Extension.swift */; };
		857F87A42650E094002D59AE /* UIView+Extension.swift in Sources */ = {isa = PBXBuildFile; fileRef = 857F87A32650E094002D59AE /* UIView+Extension.swift */; };
		857F87A52650E094002D59AE /* UIView+Extension.swift in Sources */ = {isa = PBXBuildFile; fileRef = 857F87A32650E094002D59AE /* UIView+Extension.swift */; };
		857F87A726516408002D59AE /* UIImage+Extension.swift in Sources */ = {isa = PBXBuildFile; fileRef = 857F87A626516408002D59AE /* UIImage+Extension.swift */; };
		857F87A826516408002D59AE /* UIImage+Extension.swift in Sources */ = {isa = PBXBuildFile; fileRef = 857F87A626516408002D59AE /* UIImage+Extension.swift */; };
		857F87AA26516419002D59AE /* UIApplication+Extension.swift in Sources */ = {isa = PBXBuildFile; fileRef = 857F87A926516419002D59AE /* UIApplication+Extension.swift */; };
		857F87AB26516419002D59AE /* UIApplication+Extension.swift in Sources */ = {isa = PBXBuildFile; fileRef = 857F87A926516419002D59AE /* UIApplication+Extension.swift */; };
		859E67EE25455E22005F1115 /* NextViewController.swift in Sources */ = {isa = PBXBuildFile; fileRef = 859E67ED25455E22005F1115 /* NextViewController.swift */; };
		859F2DBA264ECAF400A4575C /* String+Extension.swift in Sources */ = {isa = PBXBuildFile; fileRef = 859F2DB9264ECAF400A4575C /* String+Extension.swift */; };
		859F2DBC264ECC4000A4575C /* Data+Extension.swift in Sources */ = {isa = PBXBuildFile; fileRef = 859F2DBB264ECC4000A4575C /* Data+Extension.swift */; };
		859F2DBE264ECD1C00A4575C /* Array+Extension.swift in Sources */ = {isa = PBXBuildFile; fileRef = 859F2DBD264ECD1C00A4575C /* Array+Extension.swift */; };
		859F2DC0264ECD4600A4575C /* Dictionary+Extension.swift in Sources */ = {isa = PBXBuildFile; fileRef = 859F2DBF264ECD4600A4575C /* Dictionary+Extension.swift */; };
		859F2DC2264ECD5000A4575C /* Bundle+Extension.swift in Sources */ = {isa = PBXBuildFile; fileRef = 859F2DC1264ECD5000A4575C /* Bundle+Extension.swift */; };
		859F2DC4264ED25400A4575C /* Date+Extension.swift in Sources */ = {isa = PBXBuildFile; fileRef = 859F2DC3264ED25400A4575C /* Date+Extension.swift */; };
		85A12AF9265BF50F00AD2465 /* NavigationBarButtonItem.swift in Sources */ = {isa = PBXBuildFile; fileRef = 85A12AF8265BF50F00AD2465 /* NavigationBarButtonItem.swift */; };
		85A12AFB265BF54C00AD2465 /* NavigationTitleItem.swift in Sources */ = {isa = PBXBuildFile; fileRef = 85A12AFA265BF54C00AD2465 /* NavigationTitleItem.swift */; };
		85A12AFE265C005200AD2465 /* NavigationSize.swift in Sources */ = {isa = PBXBuildFile; fileRef = 85A12AFD265C005200AD2465 /* NavigationSize.swift */; };
		85BF96A4265927BD0030770F /* UINavigationController+Extension.swift in Sources */ = {isa = PBXBuildFile; fileRef = 85BF96A3265927BD0030770F /* UINavigationController+Extension.swift */; };
		85BF96A6265927D10030770F /* UIViewController+Extension.swift in Sources */ = {isa = PBXBuildFile; fileRef = 85BF96A5265927D10030770F /* UIViewController+Extension.swift */; };
		85D755C2264F644300C20D91 /* Keys.swift in Sources */ = {isa = PBXBuildFile; fileRef = 85D755C1264F644300C20D91 /* Keys.swift */; };
		85D755C6264F664F00C20D91 /* Numeric+Extension.swift in Sources */ = {isa = PBXBuildFile; fileRef = 85D755C5264F664F00C20D91 /* Numeric+Extension.swift */; };
		85D755C9264F696400C20D91 /* Collection+Extension.swift in Sources */ = {isa = PBXBuildFile; fileRef = 85D755C8264F696400C20D91 /* Collection+Extension.swift */; };
		85D755D4264F6F1000C20D91 /* SwiftToolTests.swift in Sources */ = {isa = PBXBuildFile; fileRef = 85D755D3264F6F1000C20D91 /* SwiftToolTests.swift */; };
		85D755DD264F728F00C20D91 /* Data+Extension.swift in Sources */ = {isa = PBXBuildFile; fileRef = 859F2DBB264ECC4000A4575C /* Data+Extension.swift */; };
		85D755E0264F75C000C20D91 /* String+Extension.swift in Sources */ = {isa = PBXBuildFile; fileRef = 859F2DB9264ECAF400A4575C /* String+Extension.swift */; };
		85D755E3264F859100C20D91 /* Array+Extension.swift in Sources */ = {isa = PBXBuildFile; fileRef = 859F2DBD264ECD1C00A4575C /* Array+Extension.swift */; };
		85D755E7264F89D300C20D91 /* Int+Extension.swift in Sources */ = {isa = PBXBuildFile; fileRef = 85D755E6264F89D300C20D91 /* Int+Extension.swift */; };
		85D755F2264F9A4E00C20D91 /* URL+Extension.swift in Sources */ = {isa = PBXBuildFile; fileRef = 85D755F1264F9A4E00C20D91 /* URL+Extension.swift */; };
		85D755F3264F9A4E00C20D91 /* URL+Extension.swift in Sources */ = {isa = PBXBuildFile; fileRef = 85D755F1264F9A4E00C20D91 /* URL+Extension.swift */; };
		85DBE0E62577DA2400E2DF24 /* GLWeakProxy.m in Sources */ = {isa = PBXBuildFile; fileRef = 85DBE0E52577DA2400E2DF24 /* GLWeakProxy.m */; };
		85EAA850265419D500AACCDC /* UIDevice+Extension.swift in Sources */ = {isa = PBXBuildFile; fileRef = 85EAA84F265419D500AACCDC /* UIDevice+Extension.swift */; };
		85EAA85226541BDB00AACCDC /* UIDevice+TypeExtension.swift in Sources */ = {isa = PBXBuildFile; fileRef = 85EAA85126541BDB00AACCDC /* UIDevice+TypeExtension.swift */; };
		B4746B7B2581BA7900E1CB2A /* GRDBDemoViewController.swift in Sources */ = {isa = PBXBuildFile; fileRef = B4746B7A2581BA7900E1CB2A /* GRDBDemoViewController.swift */; };
		B4746B7F2581BB1500E1CB2A /* User.swift in Sources */ = {isa = PBXBuildFile; fileRef = B4746B7E2581BB1500E1CB2A /* User.swift */; };
/* End PBXBuildFile section */

/* Begin PBXContainerItemProxy section */
		85D755D6264F6F1000C20D91 /* PBXContainerItemProxy */ = {
			isa = PBXContainerItemProxy;
			containerPortal = 1831113F24469EB700155620 /* Project object */;
			proxyType = 1;
			remoteGlobalIDString = 1831114624469EB700155620;
			remoteInfo = SwiftTool;
		};
/* End PBXContainerItemProxy section */

/* Begin PBXFileReference section */
		1818101D248E10F200BB4D03 /* test.png */ = {isa = PBXFileReference; lastKnownFileType = image.png; path = test.png; sourceTree = "<group>"; };
		1831114724469EB700155620 /* SwiftTool.app */ = {isa = PBXFileReference; explicitFileType = wrapper.application; includeInIndex = 0; path = SwiftTool.app; sourceTree = BUILT_PRODUCTS_DIR; };
		1831114A24469EB700155620 /* AppDelegate.swift */ = {isa = PBXFileReference; lastKnownFileType = sourcecode.swift; path = AppDelegate.swift; sourceTree = "<group>"; };
		1831114E24469EB700155620 /* ViewController.swift */ = {isa = PBXFileReference; lastKnownFileType = sourcecode.swift; path = ViewController.swift; sourceTree = "<group>"; };
		1831115124469EB700155620 /* Base */ = {isa = PBXFileReference; lastKnownFileType = file.storyboard; name = Base; path = Base.lproj/Main.storyboard; sourceTree = "<group>"; };
		1831115324469EB900155620 /* Assets.xcassets */ = {isa = PBXFileReference; lastKnownFileType = folder.assetcatalog; path = Assets.xcassets; sourceTree = "<group>"; };
		1831115624469EB900155620 /* Base */ = {isa = PBXFileReference; lastKnownFileType = file.storyboard; name = Base; path = Base.lproj/LaunchScreen.storyboard; sourceTree = "<group>"; };
		1831115824469EB900155620 /* Info.plist */ = {isa = PBXFileReference; lastKnownFileType = text.plist.xml; path = Info.plist; sourceTree = "<group>"; };
		183111F82446A8D400155620 /* Test.h */ = {isa = PBXFileReference; lastKnownFileType = sourcecode.c.h; path = Test.h; sourceTree = "<group>"; };
		183111F92446A8D400155620 /* Test.m */ = {isa = PBXFileReference; lastKnownFileType = sourcecode.c.objc; path = Test.m; sourceTree = "<group>"; };
		183111FB2446A8FF00155620 /* SwiftTool-Bridging-Header.h */ = {isa = PBXFileReference; lastKnownFileType = sourcecode.c.h; path = "SwiftTool-Bridging-Header.h"; sourceTree = "<group>"; };
		425C6511002199BBE0183C7D /* Pods-SwiftTool.release.xcconfig */ = {isa = PBXFileReference; includeInIndex = 1; lastKnownFileType = text.xcconfig; name = "Pods-SwiftTool.release.xcconfig"; path = "Target Support Files/Pods-SwiftTool/Pods-SwiftTool.release.xcconfig"; sourceTree = "<group>"; };
		4806E0A8EE8767510EF2FD61 /* Pods_SwiftTool.framework */ = {isa = PBXFileReference; explicitFileType = wrapper.framework; includeInIndex = 0; path = Pods_SwiftTool.framework; sourceTree = BUILT_PRODUCTS_DIR; };
		85009A55265EAB9200DBE03F /* NavigationBarController.swift */ = {isa = PBXFileReference; lastKnownFileType = sourcecode.swift; path = NavigationBarController.swift; sourceTree = "<group>"; };
		8506CD2B265B2EA300ACF112 /* SingleLocation.swift */ = {isa = PBXFileReference; lastKnownFileType = sourcecode.swift; path = SingleLocation.swift; sourceTree = "<group>"; };
		8506CD2F265B2EAE00ACF112 /* SingleLocationAuthorization.swift */ = {isa = PBXFileReference; lastKnownFileType = sourcecode.swift; path = SingleLocationAuthorization.swift; sourceTree = "<group>"; };
		8506CD3D265B3FC300ACF112 /* WordsSort.swift */ = {isa = PBXFileReference; lastKnownFileType = sourcecode.swift; path = WordsSort.swift; sourceTree = "<group>"; };
		8506CD45265B40D300ACF112 /* AlertEngine.swift */ = {isa = PBXFileReference; lastKnownFileType = sourcecode.swift; path = AlertEngine.swift; sourceTree = "<group>"; };
		8506CD54265B689900ACF112 /* PickerToolBar.swift */ = {isa = PBXFileReference; lastKnownFileType = sourcecode.swift; path = PickerToolBar.swift; sourceTree = "<group>"; };
		8506CD5A265B690700ACF112 /* CityData.swift */ = {isa = PBXFileReference; lastKnownFileType = sourcecode.swift; path = CityData.swift; sourceTree = "<group>"; };
		8506CD60265B693000ACF112 /* PickerView.swift */ = {isa = PBXFileReference; lastKnownFileType = sourcecode.swift; path = PickerView.swift; sourceTree = "<group>"; };
		8506CD66265B696300ACF112 /* CityModel.swift */ = {isa = PBXFileReference; lastKnownFileType = sourcecode.swift; path = CityModel.swift; sourceTree = "<group>"; };
		8506CD6C265B699B00ACF112 /* DatePickerView.swift */ = {isa = PBXFileReference; lastKnownFileType = sourcecode.swift; path = DatePickerView.swift; sourceTree = "<group>"; };
		8506CD74265B69BA00ACF112 /* CityPickerView.swift */ = {isa = PBXFileReference; lastKnownFileType = sourcecode.swift; path = CityPickerView.swift; sourceTree = "<group>"; };
		8506CD7A265B6A6000ACF112 /* Log.swift */ = {isa = PBXFileReference; lastKnownFileType = sourcecode.swift; path = Log.swift; sourceTree = "<group>"; };
		8506CF63265BAE2000ACF112 /* NavigationBar.swift */ = {isa = PBXFileReference; lastKnownFileType = sourcecode.swift; path = NavigationBar.swift; sourceTree = "<group>"; };
		85237B722652744B00162AC8 /* UIApplication+Notification.swift */ = {isa = PBXFileReference; lastKnownFileType = sourcecode.swift; path = "UIApplication+Notification.swift"; sourceTree = "<group>"; };
		85237B78265275E700162AC8 /* UIButton+Extension.swift */ = {isa = PBXFileReference; lastKnownFileType = sourcecode.swift; path = "UIButton+Extension.swift"; sourceTree = "<group>"; };
		85237B7C2652761400162AC8 /* UIControl+Extension.swift */ = {isa = PBXFileReference; lastKnownFileType = sourcecode.swift; path = "UIControl+Extension.swift"; sourceTree = "<group>"; };
		854C4EB6265E092C0024F506 /* UIViewController+NavigationBar.swift */ = {isa = PBXFileReference; lastKnownFileType = sourcecode.swift; path = "UIViewController+NavigationBar.swift"; sourceTree = "<group>"; };
		855C461E265A351600893BE6 /* Galaxy.swift */ = {isa = PBXFileReference; lastKnownFileType = sourcecode.swift; path = Galaxy.swift; sourceTree = "<group>"; };
		855C4620265A91A900893BE6 /* CTParagraphStyle+Extension.swift */ = {isa = PBXFileReference; lastKnownFileType = sourcecode.swift; path = "CTParagraphStyle+Extension.swift"; sourceTree = "<group>"; };
		85779836265F382B0010E5DC /* Base58.swift */ = {isa = PBXFileReference; lastKnownFileType = sourcecode.swift; path = Base58.swift; sourceTree = "<group>"; };
		8577983C265F383C0010E5DC /* ETH.swift */ = {isa = PBXFileReference; lastKnownFileType = sourcecode.swift; path = ETH.swift; sourceTree = "<group>"; };
		85779840265F503C0010E5DC /* Timer+Extension.swift */ = {isa = PBXFileReference; lastKnownFileType = sourcecode.swift; path = "Timer+Extension.swift"; sourceTree = "<group>"; };
		857D979026536AFF00B436E2 /* String+WordsSort.swift */ = {isa = PBXFileReference; lastKnownFileType = sourcecode.swift; path = "String+WordsSort.swift"; sourceTree = "<group>"; };
		857D979626538A9400B436E2 /* Alamofire.NetworkReachabilityManager+Extension.swift */ = {isa = PBXFileReference; lastKnownFileType = sourcecode.swift; path = "Alamofire.NetworkReachabilityManager+Extension.swift"; sourceTree = "<group>"; };
		857D97C226538F5500B436E2 /* WKWebView+Extension.swift */ = {isa = PBXFileReference; lastKnownFileType = sourcecode.swift; path = "WKWebView+Extension.swift"; sourceTree = "<group>"; };
		857D97DF2653EADC00B436E2 /* UIApplication+MapExtension.swift */ = {isa = PBXFileReference; lastKnownFileType = sourcecode.swift; path = "UIApplication+MapExtension.swift"; sourceTree = "<group>"; };
		857F87972650D3FE002D59AE /* FileManager+Extension.swift */ = {isa = PBXFileReference; lastKnownFileType = sourcecode.swift; path = "FileManager+Extension.swift"; sourceTree = "<group>"; };
		857F879A2650DC25002D59AE /* NSParagraphStyle+Extension.swift */ = {isa = PBXFileReference; lastKnownFileType = sourcecode.swift; path = "NSParagraphStyle+Extension.swift"; sourceTree = "<group>"; };
		857F879D2650DC74002D59AE /* NSMutableAttributedString+Extension.swift */ = {isa = PBXFileReference; lastKnownFileType = sourcecode.swift; path = "NSMutableAttributedString+Extension.swift"; sourceTree = "<group>"; };
		857F87A02650E068002D59AE /* UIColor+Extension.swift */ = {isa = PBXFileReference; lastKnownFileType = sourcecode.swift; path = "UIColor+Extension.swift"; sourceTree = "<group>"; };
		857F87A32650E094002D59AE /* UIView+Extension.swift */ = {isa = PBXFileReference; lastKnownFileType = sourcecode.swift; path = "UIView+Extension.swift"; sourceTree = "<group>"; };
		857F87A626516408002D59AE /* UIImage+Extension.swift */ = {isa = PBXFileReference; lastKnownFileType = sourcecode.swift; path = "UIImage+Extension.swift"; sourceTree = "<group>"; };
		857F87A926516419002D59AE /* UIApplication+Extension.swift */ = {isa = PBXFileReference; lastKnownFileType = sourcecode.swift; path = "UIApplication+Extension.swift"; sourceTree = "<group>"; };
		859E67ED25455E22005F1115 /* NextViewController.swift */ = {isa = PBXFileReference; lastKnownFileType = sourcecode.swift; path = NextViewController.swift; sourceTree = "<group>"; };
		859F2DB9264ECAF400A4575C /* String+Extension.swift */ = {isa = PBXFileReference; lastKnownFileType = sourcecode.swift; path = "String+Extension.swift"; sourceTree = "<group>"; };
		859F2DBB264ECC4000A4575C /* Data+Extension.swift */ = {isa = PBXFileReference; lastKnownFileType = sourcecode.swift; path = "Data+Extension.swift"; sourceTree = "<group>"; };
		859F2DBD264ECD1C00A4575C /* Array+Extension.swift */ = {isa = PBXFileReference; lastKnownFileType = sourcecode.swift; path = "Array+Extension.swift"; sourceTree = "<group>"; };
		859F2DBF264ECD4600A4575C /* Dictionary+Extension.swift */ = {isa = PBXFileReference; lastKnownFileType = sourcecode.swift; path = "Dictionary+Extension.swift"; sourceTree = "<group>"; };
		859F2DC1264ECD5000A4575C /* Bundle+Extension.swift */ = {isa = PBXFileReference; lastKnownFileType = sourcecode.swift; path = "Bundle+Extension.swift"; sourceTree = "<group>"; };
		859F2DC3264ED25400A4575C /* Date+Extension.swift */ = {isa = PBXFileReference; lastKnownFileType = sourcecode.swift; path = "Date+Extension.swift"; sourceTree = "<group>"; };
		85A12AF8265BF50F00AD2465 /* NavigationBarButtonItem.swift */ = {isa = PBXFileReference; lastKnownFileType = sourcecode.swift; path = NavigationBarButtonItem.swift; sourceTree = "<group>"; };
		85A12AFA265BF54C00AD2465 /* NavigationTitleItem.swift */ = {isa = PBXFileReference; lastKnownFileType = sourcecode.swift; path = NavigationTitleItem.swift; sourceTree = "<group>"; };
		85A12AFD265C005200AD2465 /* NavigationSize.swift */ = {isa = PBXFileReference; lastKnownFileType = sourcecode.swift; path = NavigationSize.swift; sourceTree = "<group>"; };
		85BF96A3265927BD0030770F /* UINavigationController+Extension.swift */ = {isa = PBXFileReference; lastKnownFileType = sourcecode.swift; path = "UINavigationController+Extension.swift"; sourceTree = "<group>"; };
		85BF96A5265927D10030770F /* UIViewController+Extension.swift */ = {isa = PBXFileReference; lastKnownFileType = sourcecode.swift; path = "UIViewController+Extension.swift"; sourceTree = "<group>"; };
		85D755C1264F644300C20D91 /* Keys.swift */ = {isa = PBXFileReference; lastKnownFileType = sourcecode.swift; path = Keys.swift; sourceTree = "<group>"; };
		85D755C5264F664F00C20D91 /* Numeric+Extension.swift */ = {isa = PBXFileReference; lastKnownFileType = sourcecode.swift; path = "Numeric+Extension.swift"; sourceTree = "<group>"; };
		85D755C8264F696400C20D91 /* Collection+Extension.swift */ = {isa = PBXFileReference; lastKnownFileType = sourcecode.swift; path = "Collection+Extension.swift"; sourceTree = "<group>"; };
		85D755D1264F6F1000C20D91 /* SwiftToolTests.xctest */ = {isa = PBXFileReference; explicitFileType = wrapper.cfbundle; includeInIndex = 0; path = SwiftToolTests.xctest; sourceTree = BUILT_PRODUCTS_DIR; };
		85D755D3264F6F1000C20D91 /* SwiftToolTests.swift */ = {isa = PBXFileReference; lastKnownFileType = sourcecode.swift; path = SwiftToolTests.swift; sourceTree = "<group>"; };
		85D755D5264F6F1000C20D91 /* Info.plist */ = {isa = PBXFileReference; lastKnownFileType = text.plist.xml; path = Info.plist; sourceTree = "<group>"; };
		85D755E6264F89D300C20D91 /* Int+Extension.swift */ = {isa = PBXFileReference; lastKnownFileType = sourcecode.swift; path = "Int+Extension.swift"; sourceTree = "<group>"; };
		85D755F1264F9A4E00C20D91 /* URL+Extension.swift */ = {isa = PBXFileReference; lastKnownFileType = sourcecode.swift; path = "URL+Extension.swift"; sourceTree = "<group>"; };
		85DBE0E42577DA2400E2DF24 /* GLWeakProxy.h */ = {isa = PBXFileReference; lastKnownFileType = sourcecode.c.h; path = GLWeakProxy.h; sourceTree = "<group>"; };
		85DBE0E52577DA2400E2DF24 /* GLWeakProxy.m */ = {isa = PBXFileReference; lastKnownFileType = sourcecode.c.objc; path = GLWeakProxy.m; sourceTree = "<group>"; };
		85EAA84F265419D500AACCDC /* UIDevice+Extension.swift */ = {isa = PBXFileReference; lastKnownFileType = sourcecode.swift; path = "UIDevice+Extension.swift"; sourceTree = "<group>"; };
		85EAA85126541BDB00AACCDC /* UIDevice+TypeExtension.swift */ = {isa = PBXFileReference; lastKnownFileType = sourcecode.swift; path = "UIDevice+TypeExtension.swift"; sourceTree = "<group>"; };
		B4746B7A2581BA7900E1CB2A /* GRDBDemoViewController.swift */ = {isa = PBXFileReference; lastKnownFileType = sourcecode.swift; path = GRDBDemoViewController.swift; sourceTree = "<group>"; };
		B4746B7E2581BB1500E1CB2A /* User.swift */ = {isa = PBXFileReference; lastKnownFileType = sourcecode.swift; path = User.swift; sourceTree = "<group>"; };
		B4B9793D1D5B9C59651E2DBB /* Pods-SwiftTool.debug.xcconfig */ = {isa = PBXFileReference; includeInIndex = 1; lastKnownFileType = text.xcconfig; name = "Pods-SwiftTool.debug.xcconfig"; path = "Target Support Files/Pods-SwiftTool/Pods-SwiftTool.debug.xcconfig"; sourceTree = "<group>"; };
/* End PBXFileReference section */

/* Begin PBXFrameworksBuildPhase section */
		1831114424469EB700155620 /* Frameworks */ = {
			isa = PBXFrameworksBuildPhase;
			buildActionMask = 2147483647;
			files = (
				7ED1CA540CCEE052DF44FE7A /* Pods_SwiftTool.framework in Frameworks */,
			);
			runOnlyForDeploymentPostprocessing = 0;
		};
		85D755CE264F6F1000C20D91 /* Frameworks */ = {
			isa = PBXFrameworksBuildPhase;
			buildActionMask = 2147483647;
			files = (
			);
			runOnlyForDeploymentPostprocessing = 0;
		};
/* End PBXFrameworksBuildPhase section */

/* Begin PBXGroup section */
		1831113E24469EB700155620 = {
			isa = PBXGroup;
			children = (
				850663DB2550492900EB4188 /* Sources */,
				1831114924469EB700155620 /* SwiftTool */,
				85D755D2264F6F1000C20D91 /* SwiftToolTests */,
				1831114824469EB700155620 /* Products */,
				21C11EE9CC175856C82472D7 /* Pods */,
				2F72C10AAB3612D3E076865B /* Frameworks */,
			);
			sourceTree = "<group>";
		};
		1831114824469EB700155620 /* Products */ = {
			isa = PBXGroup;
			children = (
				1831114724469EB700155620 /* SwiftTool.app */,
				85D755D1264F6F1000C20D91 /* SwiftToolTests.xctest */,
			);
			name = Products;
			sourceTree = "<group>";
		};
		1831114924469EB700155620 /* SwiftTool */ = {
			isa = PBXGroup;
			children = (
				B4746B792581BA5C00E1CB2A /* GRDB_Demo */,
				1831114A24469EB700155620 /* AppDelegate.swift */,
				1831114E24469EB700155620 /* ViewController.swift */,
				859E67ED25455E22005F1115 /* NextViewController.swift */,
				183111F82446A8D400155620 /* Test.h */,
				183111F92446A8D400155620 /* Test.m */,
				85D755C1264F644300C20D91 /* Keys.swift */,
				1818101D248E10F200BB4D03 /* test.png */,
				183111FB2446A8FF00155620 /* SwiftTool-Bridging-Header.h */,
				1831115024469EB700155620 /* Main.storyboard */,
				1831115324469EB900155620 /* Assets.xcassets */,
				1831115524469EB900155620 /* LaunchScreen.storyboard */,
				1831115824469EB900155620 /* Info.plist */,
			);
			path = SwiftTool;
			sourceTree = "<group>";
		};
		21C11EE9CC175856C82472D7 /* Pods */ = {
			isa = PBXGroup;
			children = (
				B4B9793D1D5B9C59651E2DBB /* Pods-SwiftTool.debug.xcconfig */,
				425C6511002199BBE0183C7D /* Pods-SwiftTool.release.xcconfig */,
			);
			path = Pods;
			sourceTree = "<group>";
		};
		2F72C10AAB3612D3E076865B /* Frameworks */ = {
			isa = PBXGroup;
			children = (
				4806E0A8EE8767510EF2FD61 /* Pods_SwiftTool.framework */,
			);
			name = Frameworks;
			sourceTree = "<group>";
		};
		850663DB2550492900EB4188 /* Sources */ = {
			isa = PBXGroup;
			children = (
				85779835265F381D0010E5DC /* Crypto */,
				85779834265F37E60010E5DC /* BlockChain */,
				855C461D265A34FA00893BE6 /* Galaxy */,
				85B225E7257FB61100EF6ECD /* Location */,
				85CC969F257933F4002B993F /* PickerView */,
				85CC969725793284002B993F /* WordsSort */,
				85CC942825792953002B993F /* Reachability */,
				85DBE0E32577D9DC00E2DF24 /* WeakProxy */,
				85DBC91C25723E9B0021BC59 /* Alert */,
				850663E72550493C00EB4188 /* Foundation */,
				850663DE2550493C00EB4188 /* Log */,
				850663F72550493C00EB4188 /* NavigationBar */,
				850663FE2550493C00EB4188 /* UIKit */,
			);
			path = Sources;
			sourceTree = "<group>";
		};
		850663DE2550493C00EB4188 /* Log */ = {
			isa = PBXGroup;
			children = (
				8506CD7A265B6A6000ACF112 /* Log.swift */,
			);
			path = Log;
			sourceTree = "<group>";
		};
		850663E72550493C00EB4188 /* Foundation */ = {
			isa = PBXGroup;
			children = (
				859F2DBD264ECD1C00A4575C /* Array+Extension.swift */,
				85D755C5264F664F00C20D91 /* Numeric+Extension.swift */,
				85D755C8264F696400C20D91 /* Collection+Extension.swift */,
				859F2DBF264ECD4600A4575C /* Dictionary+Extension.swift */,
				859F2DC1264ECD5000A4575C /* Bundle+Extension.swift */,
				859F2DBB264ECC4000A4575C /* Data+Extension.swift */,
				859F2DC3264ED25400A4575C /* Date+Extension.swift */,
				85D755E6264F89D300C20D91 /* Int+Extension.swift */,
				859F2DB9264ECAF400A4575C /* String+Extension.swift */,
				85D755F1264F9A4E00C20D91 /* URL+Extension.swift */,
				85779840265F503C0010E5DC /* Timer+Extension.swift */,
				857F87972650D3FE002D59AE /* FileManager+Extension.swift */,
				857F879A2650DC25002D59AE /* NSParagraphStyle+Extension.swift */,
				855C4620265A91A900893BE6 /* CTParagraphStyle+Extension.swift */,
				857F879D2650DC74002D59AE /* NSMutableAttributedString+Extension.swift */,
			);
			path = Foundation;
			sourceTree = "<group>";
		};
		850663F72550493C00EB4188 /* NavigationBar */ = {
			isa = PBXGroup;
			children = (
				85009A55265EAB9200DBE03F /* NavigationBarController.swift */,
				8506CF63265BAE2000ACF112 /* NavigationBar.swift */,
				85A12AF8265BF50F00AD2465 /* NavigationBarButtonItem.swift */,
				85A12AFA265BF54C00AD2465 /* NavigationTitleItem.swift */,
				85A12AFD265C005200AD2465 /* NavigationSize.swift */,
				854C4EB6265E092C0024F506 /* UIViewController+NavigationBar.swift */,
			);
			path = NavigationBar;
			sourceTree = "<group>";
		};
		850663FE2550493C00EB4188 /* UIKit */ = {
			isa = PBXGroup;
			children = (
				857F87A02650E068002D59AE /* UIColor+Extension.swift */,
				857F87A32650E094002D59AE /* UIView+Extension.swift */,
				857F87A626516408002D59AE /* UIImage+Extension.swift */,
				85237B78265275E700162AC8 /* UIButton+Extension.swift */,
				85237B7C2652761400162AC8 /* UIControl+Extension.swift */,
				857F87A926516419002D59AE /* UIApplication+Extension.swift */,
				857D97DF2653EADC00B436E2 /* UIApplication+MapExtension.swift */,
				85237B722652744B00162AC8 /* UIApplication+Notification.swift */,
				857D97C226538F5500B436E2 /* WKWebView+Extension.swift */,
				85EAA85126541BDB00AACCDC /* UIDevice+TypeExtension.swift */,
				85EAA84F265419D500AACCDC /* UIDevice+Extension.swift */,
				85BF96A3265927BD0030770F /* UINavigationController+Extension.swift */,
				85BF96A5265927D10030770F /* UIViewController+Extension.swift */,
			);
			path = UIKit;
			sourceTree = "<group>";
		};
		855C461D265A34FA00893BE6 /* Galaxy */ = {
			isa = PBXGroup;
			children = (
				855C461E265A351600893BE6 /* Galaxy.swift */,
			);
			path = Galaxy;
			sourceTree = "<group>";
		};
		85779834265F37E60010E5DC /* BlockChain */ = {
			isa = PBXGroup;
			children = (
				8577983C265F383C0010E5DC /* ETH.swift */,
			);
			path = BlockChain;
			sourceTree = "<group>";
		};
		85779835265F381D0010E5DC /* Crypto */ = {
			isa = PBXGroup;
			children = (
				85779836265F382B0010E5DC /* Base58.swift */,
			);
			path = Crypto;
			sourceTree = "<group>";
		};
		85B225E7257FB61100EF6ECD /* Location */ = {
			isa = PBXGroup;
			children = (
				8506CD2B265B2EA300ACF112 /* SingleLocation.swift */,
				8506CD2F265B2EAE00ACF112 /* SingleLocationAuthorization.swift */,
			);
			path = Location;
			sourceTree = "<group>";
		};
		85CC942825792953002B993F /* Reachability */ = {
			isa = PBXGroup;
			children = (
				857D979626538A9400B436E2 /* Alamofire.NetworkReachabilityManager+Extension.swift */,
			);
			path = Reachability;
			sourceTree = "<group>";
		};
		85CC969725793284002B993F /* WordsSort */ = {
			isa = PBXGroup;
			children = (
				8506CD3D265B3FC300ACF112 /* WordsSort.swift */,
				857D979026536AFF00B436E2 /* String+WordsSort.swift */,
			);
			path = WordsSort;
			sourceTree = "<group>";
		};
		85CC969F257933F4002B993F /* PickerView */ = {
			isa = PBXGroup;
			children = (
				8506CD74265B69BA00ACF112 /* CityPickerView.swift */,
				8506CD6C265B699B00ACF112 /* DatePickerView.swift */,
				8506CD54265B689900ACF112 /* PickerToolBar.swift */,
				8506CD60265B693000ACF112 /* PickerView.swift */,
				8506CD66265B696300ACF112 /* CityModel.swift */,
				8506CD5A265B690700ACF112 /* CityData.swift */,
			);
			path = PickerView;
			sourceTree = "<group>";
		};
		85D755D2264F6F1000C20D91 /* SwiftToolTests */ = {
			isa = PBXGroup;
			children = (
				85D755D3264F6F1000C20D91 /* SwiftToolTests.swift */,
				85D755D5264F6F1000C20D91 /* Info.plist */,
			);
			path = SwiftToolTests;
			sourceTree = "<group>";
		};
		85DBC91C25723E9B0021BC59 /* Alert */ = {
			isa = PBXGroup;
			children = (
				8506CD45265B40D300ACF112 /* AlertEngine.swift */,
			);
			path = Alert;
			sourceTree = "<group>";
		};
		85DBE0E32577D9DC00E2DF24 /* WeakProxy */ = {
			isa = PBXGroup;
			children = (
				85DBE0E42577DA2400E2DF24 /* GLWeakProxy.h */,
				85DBE0E52577DA2400E2DF24 /* GLWeakProxy.m */,
			);
			path = WeakProxy;
			sourceTree = "<group>";
		};
		B4746B792581BA5C00E1CB2A /* GRDB_Demo */ = {
			isa = PBXGroup;
			children = (
				B4746B7A2581BA7900E1CB2A /* GRDBDemoViewController.swift */,
				B4746B7E2581BB1500E1CB2A /* User.swift */,
			);
			path = GRDB_Demo;
			sourceTree = "<group>";
		};
/* End PBXGroup section */

/* Begin PBXNativeTarget section */
		1831114624469EB700155620 /* SwiftTool */ = {
			isa = PBXNativeTarget;
			buildConfigurationList = 1831115B24469EB900155620 /* Build configuration list for PBXNativeTarget "SwiftTool" */;
			buildPhases = (
				DADA217453AF230F6886CAE4 /* [CP] Check Pods Manifest.lock */,
				1831114324469EB700155620 /* Sources */,
				1831114424469EB700155620 /* Frameworks */,
				1831114524469EB700155620 /* Resources */,
				874D362F41CB61B1A7E218A8 /* [CP] Embed Pods Frameworks */,
			);
			buildRules = (
			);
			dependencies = (
			);
			name = SwiftTool;
			productName = SwiftTool;
			productReference = 1831114724469EB700155620 /* SwiftTool.app */;
			productType = "com.apple.product-type.application";
		};
		85D755D0264F6F1000C20D91 /* SwiftToolTests */ = {
			isa = PBXNativeTarget;
			buildConfigurationList = 85D755D8264F6F1000C20D91 /* Build configuration list for PBXNativeTarget "SwiftToolTests" */;
			buildPhases = (
				85D755CD264F6F1000C20D91 /* Sources */,
				85D755CE264F6F1000C20D91 /* Frameworks */,
				85D755CF264F6F1000C20D91 /* Resources */,
			);
			buildRules = (
			);
			dependencies = (
				85D755D7264F6F1000C20D91 /* PBXTargetDependency */,
			);
			name = SwiftToolTests;
			productName = SwiftToolTests;
			productReference = 85D755D1264F6F1000C20D91 /* SwiftToolTests.xctest */;
			productType = "com.apple.product-type.bundle.unit-test";
		};
/* End PBXNativeTarget section */

/* Begin PBXProject section */
		1831113F24469EB700155620 /* Project object */ = {
			isa = PBXProject;
			attributes = {
				LastSwiftUpdateCheck = 1240;
				LastUpgradeCheck = 1130;
				ORGANIZATIONNAME = yinhe;
				TargetAttributes = {
					1831114624469EB700155620 = {
						CreatedOnToolsVersion = 11.3;
					};
					85D755D0264F6F1000C20D91 = {
						CreatedOnToolsVersion = 12.4;
						TestTargetID = 1831114624469EB700155620;
					};
				};
			};
			buildConfigurationList = 1831114224469EB700155620 /* Build configuration list for PBXProject "SwiftTool" */;
			compatibilityVersion = "Xcode 9.3";
			developmentRegion = en;
			hasScannedForEncodings = 0;
			knownRegions = (
				en,
				Base,
			);
			mainGroup = 1831113E24469EB700155620;
			productRefGroup = 1831114824469EB700155620 /* Products */;
			projectDirPath = "";
			projectRoot = "";
			targets = (
				1831114624469EB700155620 /* SwiftTool */,
				85D755D0264F6F1000C20D91 /* SwiftToolTests */,
			);
		};
/* End PBXProject section */

/* Begin PBXResourcesBuildPhase section */
		1831114524469EB700155620 /* Resources */ = {
			isa = PBXResourcesBuildPhase;
			buildActionMask = 2147483647;
			files = (
				1831115724469EB900155620 /* LaunchScreen.storyboard in Resources */,
				1818101E248E10F200BB4D03 /* test.png in Resources */,
				1831115424469EB900155620 /* Assets.xcassets in Resources */,
				1831115224469EB700155620 /* Main.storyboard in Resources */,
			);
			runOnlyForDeploymentPostprocessing = 0;
		};
		85D755CF264F6F1000C20D91 /* Resources */ = {
			isa = PBXResourcesBuildPhase;
			buildActionMask = 2147483647;
			files = (
			);
			runOnlyForDeploymentPostprocessing = 0;
		};
/* End PBXResourcesBuildPhase section */

/* Begin PBXShellScriptBuildPhase section */
		874D362F41CB61B1A7E218A8 /* [CP] Embed Pods Frameworks */ = {
			isa = PBXShellScriptBuildPhase;
			buildActionMask = 2147483647;
			files = (
			);
			inputFileListPaths = (
				"${PODS_ROOT}/Target Support Files/Pods-SwiftTool/Pods-SwiftTool-frameworks-${CONFIGURATION}-input-files.xcfilelist",
			);
			name = "[CP] Embed Pods Frameworks";
			outputFileListPaths = (
				"${PODS_ROOT}/Target Support Files/Pods-SwiftTool/Pods-SwiftTool-frameworks-${CONFIGURATION}-output-files.xcfilelist",
			);
			runOnlyForDeploymentPostprocessing = 0;
			shellPath = /bin/sh;
			shellScript = "\"${PODS_ROOT}/Target Support Files/Pods-SwiftTool/Pods-SwiftTool-frameworks.sh\"\n";
			showEnvVarsInLog = 0;
		};
		DADA217453AF230F6886CAE4 /* [CP] Check Pods Manifest.lock */ = {
			isa = PBXShellScriptBuildPhase;
			buildActionMask = 2147483647;
			files = (
			);
			inputFileListPaths = (
			);
			inputPaths = (
				"${PODS_PODFILE_DIR_PATH}/Podfile.lock",
				"${PODS_ROOT}/Manifest.lock",
			);
			name = "[CP] Check Pods Manifest.lock";
			outputFileListPaths = (
			);
			outputPaths = (
				"$(DERIVED_FILE_DIR)/Pods-SwiftTool-checkManifestLockResult.txt",
			);
			runOnlyForDeploymentPostprocessing = 0;
			shellPath = /bin/sh;
			shellScript = "diff \"${PODS_PODFILE_DIR_PATH}/Podfile.lock\" \"${PODS_ROOT}/Manifest.lock\" > /dev/null\nif [ $? != 0 ] ; then\n    # print error to STDERR\n    echo \"error: The sandbox is not in sync with the Podfile.lock. Run 'pod install' or update your CocoaPods installation.\" >&2\n    exit 1\nfi\n# This output is used by Xcode 'outputs' to avoid re-running this script phase.\necho \"SUCCESS\" > \"${SCRIPT_OUTPUT_FILE_0}\"\n";
			showEnvVarsInLog = 0;
		};
/* End PBXShellScriptBuildPhase section */

/* Begin PBXSourcesBuildPhase section */
		1831114324469EB700155620 /* Sources */ = {
			isa = PBXSourcesBuildPhase;
			buildActionMask = 2147483647;
			files = (
				855C4621265A91A900893BE6 /* CTParagraphStyle+Extension.swift in Sources */,
				8506CD75265B69BA00ACF112 /* CityPickerView.swift in Sources */,
				857F879B2650DC25002D59AE /* NSParagraphStyle+Extension.swift in Sources */,
				8506CD46265B40D300ACF112 /* AlertEngine.swift in Sources */,
				854C4EB7265E092C0024F506 /* UIViewController+NavigationBar.swift in Sources */,
				8506CD2C265B2EA300ACF112 /* SingleLocation.swift in Sources */,
				85D755C6264F664F00C20D91 /* Numeric+Extension.swift in Sources */,
				85EAA85226541BDB00AACCDC /* UIDevice+TypeExtension.swift in Sources */,
				85A12AFB265BF54C00AD2465 /* NavigationTitleItem.swift in Sources */,
				85779841265F503C0010E5DC /* Timer+Extension.swift in Sources */,
				857D97E02653EADC00B436E2 /* UIApplication+MapExtension.swift in Sources */,
				8577983D265F383C0010E5DC /* ETH.swift in Sources */,
				85009A56265EAB9200DBE03F /* NavigationBarController.swift in Sources */,
				B4746B7B2581BA7900E1CB2A /* GRDBDemoViewController.swift in Sources */,
				85237B732652744B00162AC8 /* UIApplication+Notification.swift in Sources */,
				8506CD61265B693000ACF112 /* PickerView.swift in Sources */,
				8506CF64265BAE2000ACF112 /* NavigationBar.swift in Sources */,
				857F87A42650E094002D59AE /* UIView+Extension.swift in Sources */,
				857F87A726516408002D59AE /* UIImage+Extension.swift in Sources */,
				857D979726538A9400B436E2 /* Alamofire.NetworkReachabilityManager+Extension.swift in Sources */,
				857F87A12650E068002D59AE /* UIColor+Extension.swift in Sources */,
				859F2DC0264ECD4600A4575C /* Dictionary+Extension.swift in Sources */,
				85A12AFE265C005200AD2465 /* NavigationSize.swift in Sources */,
				857F87AA26516419002D59AE /* UIApplication+Extension.swift in Sources */,
				8506CD67265B696300ACF112 /* CityModel.swift in Sources */,
				859F2DC4264ED25400A4575C /* Date+Extension.swift in Sources */,
				85DBE0E62577DA2400E2DF24 /* GLWeakProxy.m in Sources */,
				8506CD7B265B6A6000ACF112 /* Log.swift in Sources */,
				85D755C2264F644300C20D91 /* Keys.swift in Sources */,
				85BF96A6265927D10030770F /* UIViewController+Extension.swift in Sources */,
				8506CD3E265B3FC300ACF112 /* WordsSort.swift in Sources */,
				85D755F2264F9A4E00C20D91 /* URL+Extension.swift in Sources */,
				857D97C326538F5500B436E2 /* WKWebView+Extension.swift in Sources */,
				1831114F24469EB700155620 /* ViewController.swift in Sources */,
				85D755E7264F89D300C20D91 /* Int+Extension.swift in Sources */,
				85237B7D2652761400162AC8 /* UIControl+Extension.swift in Sources */,
				85A12AF9265BF50F00AD2465 /* NavigationBarButtonItem.swift in Sources */,
				B4746B7F2581BB1500E1CB2A /* User.swift in Sources */,
				859F2DC2264ECD5000A4575C /* Bundle+Extension.swift in Sources */,
				85D755C9264F696400C20D91 /* Collection+Extension.swift in Sources */,
				857F87982650D3FE002D59AE /* FileManager+Extension.swift in Sources */,
				85779837265F382B0010E5DC /* Base58.swift in Sources */,
				8506CD5B265B690700ACF112 /* CityData.swift in Sources */,
				857D979126536AFF00B436E2 /* String+WordsSort.swift in Sources */,
				8506CD55265B689900ACF112 /* PickerToolBar.swift in Sources */,
				855C461F265A351600893BE6 /* Galaxy.swift in Sources */,
				85237B79265275E700162AC8 /* UIButton+Extension.swift in Sources */,
				8506CD30265B2EAE00ACF112 /* SingleLocationAuthorization.swift in Sources */,
				859F2DBC264ECC4000A4575C /* Data+Extension.swift in Sources */,
				859F2DBA264ECAF400A4575C /* String+Extension.swift in Sources */,
				85BF96A4265927BD0030770F /* UINavigationController+Extension.swift in Sources */,
				8506CD6D265B699B00ACF112 /* DatePickerView.swift in Sources */,
				859F2DBE264ECD1C00A4575C /* Array+Extension.swift in Sources */,
				1831114B24469EB700155620 /* AppDelegate.swift in Sources */,
				85EAA850265419D500AACCDC /* UIDevice+Extension.swift in Sources */,
				857F879E2650DC74002D59AE /* NSMutableAttributedString+Extension.swift in Sources */,
				859E67EE25455E22005F1115 /* NextViewController.swift in Sources */,
				183111FA2446A8D400155620 /* Test.m in Sources */,
			);
			runOnlyForDeploymentPostprocessing = 0;
		};
		85D755CD264F6F1000C20D91 /* Sources */ = {
			isa = PBXSourcesBuildPhase;
			buildActionMask = 2147483647;
			files = (
				85D755D4264F6F1000C20D91 /* SwiftToolTests.swift in Sources */,
				85D755E0264F75C000C20D91 /* String+Extension.swift in Sources */,
				85D755DD264F728F00C20D91 /* Data+Extension.swift in Sources */,
				857F87A22650E068002D59AE /* UIColor+Extension.swift in Sources */,
				855C4622265A91A900893BE6 /* CTParagraphStyle+Extension.swift in Sources */,
				857F879C2650DC25002D59AE /* NSParagraphStyle+Extension.swift in Sources */,
				85D755F3264F9A4E00C20D91 /* URL+Extension.swift in Sources */,
				85D755E3264F859100C20D91 /* Array+Extension.swift in Sources */,
				857F879F2650DC74002D59AE /* NSMutableAttributedString+Extension.swift in Sources */,
				857F87A52650E094002D59AE /* UIView+Extension.swift in Sources */,
				857F87A826516408002D59AE /* UIImage+Extension.swift in Sources */,
				857F87AB26516419002D59AE /* UIApplication+Extension.swift in Sources */,
				857F87992650D3FE002D59AE /* FileManager+Extension.swift in Sources */,
			);
			runOnlyForDeploymentPostprocessing = 0;
		};
/* End PBXSourcesBuildPhase section */

/* Begin PBXTargetDependency section */
		85D755D7264F6F1000C20D91 /* PBXTargetDependency */ = {
			isa = PBXTargetDependency;
			target = 1831114624469EB700155620 /* SwiftTool */;
			targetProxy = 85D755D6264F6F1000C20D91 /* PBXContainerItemProxy */;
		};
/* End PBXTargetDependency section */

/* Begin PBXVariantGroup section */
		1831115024469EB700155620 /* Main.storyboard */ = {
			isa = PBXVariantGroup;
			children = (
				1831115124469EB700155620 /* Base */,
			);
			name = Main.storyboard;
			sourceTree = "<group>";
		};
		1831115524469EB900155620 /* LaunchScreen.storyboard */ = {
			isa = PBXVariantGroup;
			children = (
				1831115624469EB900155620 /* Base */,
			);
			name = LaunchScreen.storyboard;
			sourceTree = "<group>";
		};
/* End PBXVariantGroup section */

/* Begin XCBuildConfiguration section */
		1831115924469EB900155620 /* Debug */ = {
			isa = XCBuildConfiguration;
			buildSettings = {
				ALWAYS_SEARCH_USER_PATHS = NO;
				CLANG_ANALYZER_NONNULL = YES;
				CLANG_ANALYZER_NUMBER_OBJECT_CONVERSION = YES_AGGRESSIVE;
				CLANG_CXX_LANGUAGE_STANDARD = "gnu++14";
				CLANG_CXX_LIBRARY = "libc++";
				CLANG_ENABLE_MODULES = YES;
				CLANG_ENABLE_OBJC_ARC = YES;
				CLANG_ENABLE_OBJC_WEAK = YES;
				CLANG_WARN_BLOCK_CAPTURE_AUTORELEASING = YES;
				CLANG_WARN_BOOL_CONVERSION = YES;
				CLANG_WARN_COMMA = YES;
				CLANG_WARN_CONSTANT_CONVERSION = YES;
				CLANG_WARN_DEPRECATED_OBJC_IMPLEMENTATIONS = YES;
				CLANG_WARN_DIRECT_OBJC_ISA_USAGE = YES_ERROR;
				CLANG_WARN_DOCUMENTATION_COMMENTS = YES;
				CLANG_WARN_EMPTY_BODY = YES;
				CLANG_WARN_ENUM_CONVERSION = YES;
				CLANG_WARN_INFINITE_RECURSION = YES;
				CLANG_WARN_INT_CONVERSION = YES;
				CLANG_WARN_NON_LITERAL_NULL_CONVERSION = YES;
				CLANG_WARN_OBJC_IMPLICIT_RETAIN_SELF = YES;
				CLANG_WARN_OBJC_LITERAL_CONVERSION = YES;
				CLANG_WARN_OBJC_ROOT_CLASS = YES_ERROR;
				CLANG_WARN_RANGE_LOOP_ANALYSIS = YES;
				CLANG_WARN_STRICT_PROTOTYPES = YES;
				CLANG_WARN_SUSPICIOUS_MOVE = YES;
				CLANG_WARN_UNGUARDED_AVAILABILITY = YES_AGGRESSIVE;
				CLANG_WARN_UNREACHABLE_CODE = YES;
				CLANG_WARN__DUPLICATE_METHOD_MATCH = YES;
				COPY_PHASE_STRIP = NO;
				DEBUG_INFORMATION_FORMAT = dwarf;
				ENABLE_STRICT_OBJC_MSGSEND = YES;
				ENABLE_TESTABILITY = YES;
				GCC_C_LANGUAGE_STANDARD = gnu11;
				GCC_DYNAMIC_NO_PIC = NO;
				GCC_NO_COMMON_BLOCKS = YES;
				GCC_OPTIMIZATION_LEVEL = 0;
				GCC_PREPROCESSOR_DEFINITIONS = (
					"DEBUG=1",
					"$(inherited)",
				);
				GCC_WARN_64_TO_32_BIT_CONVERSION = YES;
				GCC_WARN_ABOUT_RETURN_TYPE = YES_ERROR;
				GCC_WARN_UNDECLARED_SELECTOR = YES;
				GCC_WARN_UNINITIALIZED_AUTOS = YES_AGGRESSIVE;
				GCC_WARN_UNUSED_FUNCTION = YES;
				GCC_WARN_UNUSED_VARIABLE = YES;
				IPHONEOS_DEPLOYMENT_TARGET = 13.2;
				MTL_ENABLE_DEBUG_INFO = INCLUDE_SOURCE;
				MTL_FAST_MATH = YES;
				ONLY_ACTIVE_ARCH = YES;
				SDKROOT = iphoneos;
				SWIFT_ACTIVE_COMPILATION_CONDITIONS = DEBUG;
				SWIFT_OPTIMIZATION_LEVEL = "-Onone";
			};
			name = Debug;
		};
		1831115A24469EB900155620 /* Release */ = {
			isa = XCBuildConfiguration;
			buildSettings = {
				ALWAYS_SEARCH_USER_PATHS = NO;
				CLANG_ANALYZER_NONNULL = YES;
				CLANG_ANALYZER_NUMBER_OBJECT_CONVERSION = YES_AGGRESSIVE;
				CLANG_CXX_LANGUAGE_STANDARD = "gnu++14";
				CLANG_CXX_LIBRARY = "libc++";
				CLANG_ENABLE_MODULES = YES;
				CLANG_ENABLE_OBJC_ARC = YES;
				CLANG_ENABLE_OBJC_WEAK = YES;
				CLANG_WARN_BLOCK_CAPTURE_AUTORELEASING = YES;
				CLANG_WARN_BOOL_CONVERSION = YES;
				CLANG_WARN_COMMA = YES;
				CLANG_WARN_CONSTANT_CONVERSION = YES;
				CLANG_WARN_DEPRECATED_OBJC_IMPLEMENTATIONS = YES;
				CLANG_WARN_DIRECT_OBJC_ISA_USAGE = YES_ERROR;
				CLANG_WARN_DOCUMENTATION_COMMENTS = YES;
				CLANG_WARN_EMPTY_BODY = YES;
				CLANG_WARN_ENUM_CONVERSION = YES;
				CLANG_WARN_INFINITE_RECURSION = YES;
				CLANG_WARN_INT_CONVERSION = YES;
				CLANG_WARN_NON_LITERAL_NULL_CONVERSION = YES;
				CLANG_WARN_OBJC_IMPLICIT_RETAIN_SELF = YES;
				CLANG_WARN_OBJC_LITERAL_CONVERSION = YES;
				CLANG_WARN_OBJC_ROOT_CLASS = YES_ERROR;
				CLANG_WARN_RANGE_LOOP_ANALYSIS = YES;
				CLANG_WARN_STRICT_PROTOTYPES = YES;
				CLANG_WARN_SUSPICIOUS_MOVE = YES;
				CLANG_WARN_UNGUARDED_AVAILABILITY = YES_AGGRESSIVE;
				CLANG_WARN_UNREACHABLE_CODE = YES;
				CLANG_WARN__DUPLICATE_METHOD_MATCH = YES;
				COPY_PHASE_STRIP = NO;
				DEBUG_INFORMATION_FORMAT = "dwarf-with-dsym";
				ENABLE_NS_ASSERTIONS = NO;
				ENABLE_STRICT_OBJC_MSGSEND = YES;
				GCC_C_LANGUAGE_STANDARD = gnu11;
				GCC_NO_COMMON_BLOCKS = YES;
				GCC_WARN_64_TO_32_BIT_CONVERSION = YES;
				GCC_WARN_ABOUT_RETURN_TYPE = YES_ERROR;
				GCC_WARN_UNDECLARED_SELECTOR = YES;
				GCC_WARN_UNINITIALIZED_AUTOS = YES_AGGRESSIVE;
				GCC_WARN_UNUSED_FUNCTION = YES;
				GCC_WARN_UNUSED_VARIABLE = YES;
				IPHONEOS_DEPLOYMENT_TARGET = 13.2;
				MTL_ENABLE_DEBUG_INFO = NO;
				MTL_FAST_MATH = YES;
				SDKROOT = iphoneos;
				SWIFT_COMPILATION_MODE = wholemodule;
				SWIFT_OPTIMIZATION_LEVEL = "-O";
				VALIDATE_PRODUCT = YES;
			};
			name = Release;
		};
		1831115C24469EB900155620 /* Debug */ = {
			isa = XCBuildConfiguration;
			baseConfigurationReference = B4B9793D1D5B9C59651E2DBB /* Pods-SwiftTool.debug.xcconfig */;
			buildSettings = {
				ASSETCATALOG_COMPILER_APPICON_NAME = AppIcon;
				CLANG_ALLOW_NON_MODULAR_INCLUDES_IN_FRAMEWORK_MODULES = YES;
				CODE_SIGN_STYLE = Automatic;
				DEVELOPMENT_TEAM = 2E8NVCJR97;
				INFOPLIST_FILE = SwiftTool/Info.plist;
				IPHONEOS_DEPLOYMENT_TARGET = 10.0;
				LD_RUNPATH_SEARCH_PATHS = (
					"$(inherited)",
					"@executable_path/Frameworks",
				);
				PRODUCT_BUNDLE_IDENTIFIER = com.galaxy.SwiftyTool.1234;
				PRODUCT_NAME = "$(TARGET_NAME)";
				SWIFT_OBJC_BRIDGING_HEADER = "SwiftTool/SwiftTool-Bridging-Header.h";
				SWIFT_VERSION = 5.0;
				TARGETED_DEVICE_FAMILY = 1;
			};
			name = Debug;
		};
		1831115D24469EB900155620 /* Release */ = {
			isa = XCBuildConfiguration;
			baseConfigurationReference = 425C6511002199BBE0183C7D /* Pods-SwiftTool.release.xcconfig */;
			buildSettings = {
				ASSETCATALOG_COMPILER_APPICON_NAME = AppIcon;
				CLANG_ALLOW_NON_MODULAR_INCLUDES_IN_FRAMEWORK_MODULES = YES;
				CODE_SIGN_STYLE = Automatic;
				DEVELOPMENT_TEAM = 2E8NVCJR97;
				INFOPLIST_FILE = SwiftTool/Info.plist;
				IPHONEOS_DEPLOYMENT_TARGET = 10.0;
				LD_RUNPATH_SEARCH_PATHS = (
					"$(inherited)",
					"@executable_path/Frameworks",
				);
				PRODUCT_BUNDLE_IDENTIFIER = com.galaxy.SwiftyTool.1234;
				PRODUCT_NAME = "$(TARGET_NAME)";
				SWIFT_OBJC_BRIDGING_HEADER = "SwiftTool/SwiftTool-Bridging-Header.h";
				SWIFT_VERSION = 5.0;
				TARGETED_DEVICE_FAMILY = 1;
			};
			name = Release;
		};
		85D755D9264F6F1000C20D91 /* Debug */ = {
			isa = XCBuildConfiguration;
			buildSettings = {
				BUNDLE_LOADER = "$(TEST_HOST)";
				CLANG_WARN_QUOTED_INCLUDE_IN_FRAMEWORK_HEADER = YES;
				CODE_SIGN_STYLE = Automatic;
				DEVELOPMENT_TEAM = 2E8NVCJR97;
				INFOPLIST_FILE = SwiftToolTests/Info.plist;
				IPHONEOS_DEPLOYMENT_TARGET = 14.4;
				LD_RUNPATH_SEARCH_PATHS = (
					"$(inherited)",
					"@executable_path/Frameworks",
					"@loader_path/Frameworks",
				);
				PRODUCT_BUNDLE_IDENTIFIER = com.galaxy.SwiftToolTests;
				PRODUCT_NAME = "$(TARGET_NAME)";
				SWIFT_VERSION = 5.0;
				TARGETED_DEVICE_FAMILY = "1,2";
				TEST_HOST = "$(BUILT_PRODUCTS_DIR)/SwiftTool.app/SwiftTool";
			};
			name = Debug;
		};
		85D755DA264F6F1000C20D91 /* Release */ = {
			isa = XCBuildConfiguration;
			buildSettings = {
				BUNDLE_LOADER = "$(TEST_HOST)";
				CLANG_WARN_QUOTED_INCLUDE_IN_FRAMEWORK_HEADER = YES;
				CODE_SIGN_STYLE = Automatic;
				DEVELOPMENT_TEAM = 2E8NVCJR97;
				INFOPLIST_FILE = SwiftToolTests/Info.plist;
				IPHONEOS_DEPLOYMENT_TARGET = 14.4;
				LD_RUNPATH_SEARCH_PATHS = (
					"$(inherited)",
					"@executable_path/Frameworks",
					"@loader_path/Frameworks",
				);
				PRODUCT_BUNDLE_IDENTIFIER = com.galaxy.SwiftToolTests;
				PRODUCT_NAME = "$(TARGET_NAME)";
				SWIFT_VERSION = 5.0;
				TARGETED_DEVICE_FAMILY = "1,2";
				TEST_HOST = "$(BUILT_PRODUCTS_DIR)/SwiftTool.app/SwiftTool";
			};
			name = Release;
		};
/* End XCBuildConfiguration section */

/* Begin XCConfigurationList section */
		1831114224469EB700155620 /* Build configuration list for PBXProject "SwiftTool" */ = {
			isa = XCConfigurationList;
			buildConfigurations = (
				1831115924469EB900155620 /* Debug */,
				1831115A24469EB900155620 /* Release */,
			);
			defaultConfigurationIsVisible = 0;
			defaultConfigurationName = Release;
		};
		1831115B24469EB900155620 /* Build configuration list for PBXNativeTarget "SwiftTool" */ = {
			isa = XCConfigurationList;
			buildConfigurations = (
				1831115C24469EB900155620 /* Debug */,
				1831115D24469EB900155620 /* Release */,
			);
			defaultConfigurationIsVisible = 0;
			defaultConfigurationName = Release;
		};
		85D755D8264F6F1000C20D91 /* Build configuration list for PBXNativeTarget "SwiftToolTests" */ = {
			isa = XCConfigurationList;
			buildConfigurations = (
				85D755D9264F6F1000C20D91 /* Debug */,
				85D755DA264F6F1000C20D91 /* Release */,
			);
			defaultConfigurationIsVisible = 0;
			defaultConfigurationName = Release;
		};
/* End XCConfigurationList section */
	};
	rootObject = 1831113F24469EB700155620 /* Project object */;
}
