// !$*UTF8*$!
{
	archiveVersion = 1;
	classes = {
	};
	objectVersion = 51;
	objects = {

/* Begin PBXBuildFile section */
		180E6EC42468EBB3001B069C /* SwiftyHUD.bundle in Resources */ = {isa = PBXBuildFile; fileRef = 180E6EC32468EBB3001B069C /* SwiftyHUD.bundle */; };
		180E6EC62468EC5C001B069C /* SwiftyMBHUD.swift in Sources */ = {isa = PBXBuildFile; fileRef = 180E6EC52468EC5C001B069C /* SwiftyMBHUD.swift */; };
		1818101C248E0A9700BB4D03 /* SwiftyQCloudCOSManagerTestViewController.swift in Sources */ = {isa = PBXBuildFile; fileRef = 1818101B248E0A9700BB4D03 /* SwiftyQCloudCOSManagerTestViewController.swift */; };
		1818101E248E10F200BB4D03 /* test.png in Resources */ = {isa = PBXBuildFile; fileRef = 1818101D248E10F200BB4D03 /* test.png */; };
		1827D02D246D1B7500429B36 /* SwiftyLogTestViewController.swift in Sources */ = {isa = PBXBuildFile; fileRef = 1827D02C246D1B7500429B36 /* SwiftyLogTestViewController.swift */; };
		1827D03B246D223A00429B36 /* SwiftyWordsSortTestViewController.swift in Sources */ = {isa = PBXBuildFile; fileRef = 1827D03A246D223A00429B36 /* SwiftyWordsSortTestViewController.swift */; };
		1827D03D246D23EA00429B36 /* SwiftyWordsSort.swift in Sources */ = {isa = PBXBuildFile; fileRef = 1827D03C246D23EA00429B36 /* SwiftyWordsSort.swift */; };
		182805D52472394700A3D228 /* UIColor+SwiftyExtension.swift in Sources */ = {isa = PBXBuildFile; fileRef = 182805D42472394700A3D228 /* UIColor+SwiftyExtension.swift */; };
		182805D724723C4700A3D228 /* UIImage+SwiftyExtensionForColor.swift in Sources */ = {isa = PBXBuildFile; fileRef = 182805D624723C4700A3D228 /* UIImage+SwiftyExtensionForColor.swift */; };
		182805D924723C9B00A3D228 /* UIView+SwiftyExtensionForFrame.swift in Sources */ = {isa = PBXBuildFile; fileRef = 182805D824723C9B00A3D228 /* UIView+SwiftyExtensionForFrame.swift */; };
		182805DB24723CE200A3D228 /* UIView+SwiftyExtensionForSnapshot.swift in Sources */ = {isa = PBXBuildFile; fileRef = 182805DA24723CE200A3D228 /* UIView+SwiftyExtensionForSnapshot.swift */; };
		182805DD24726E6800A3D228 /* UIDevice+SwiftyExtension.swift in Sources */ = {isa = PBXBuildFile; fileRef = 182805DC24726E6800A3D228 /* UIDevice+SwiftyExtension.swift */; };
		182805DF2472710000A3D228 /* SwiftyTagContainerView.swift in Sources */ = {isa = PBXBuildFile; fileRef = 182805DE2472710000A3D228 /* SwiftyTagContainerView.swift */; };
		182805E12472715C00A3D228 /* SwiftyTagContainerTestViewController.swift in Sources */ = {isa = PBXBuildFile; fileRef = 182805E02472715C00A3D228 /* SwiftyTagContainerTestViewController.swift */; };
		182805E324727B1800A3D228 /* SwiftyFlowItemsDisplayNode.swift in Sources */ = {isa = PBXBuildFile; fileRef = 182805E224727B1800A3D228 /* SwiftyFlowItemsDisplayNode.swift */; };
		182805E5247282E600A3D228 /* SwiftyFlowItemsTestViewController.swift in Sources */ = {isa = PBXBuildFile; fileRef = 182805E4247282E600A3D228 /* SwiftyFlowItemsTestViewController.swift */; };
		182B7BB9246B873D000A95D0 /* SwiftyPickerTestViewController.swift in Sources */ = {isa = PBXBuildFile; fileRef = 182B7BB8246B873D000A95D0 /* SwiftyPickerTestViewController.swift */; };
		183091B22490D89C007EA52C /* SwiftyCusNavigationBarTestViewController.swift in Sources */ = {isa = PBXBuildFile; fileRef = 183091B12490D89C007EA52C /* SwiftyCusNavigationBarTestViewController.swift */; };
		183091B42490D950007EA52C /* SwiftyBaseViewController.swift in Sources */ = {isa = PBXBuildFile; fileRef = 183091B32490D950007EA52C /* SwiftyBaseViewController.swift */; };
		1831114B24469EB700155620 /* AppDelegate.swift in Sources */ = {isa = PBXBuildFile; fileRef = 1831114A24469EB700155620 /* AppDelegate.swift */; };
		1831114F24469EB700155620 /* ViewController.swift in Sources */ = {isa = PBXBuildFile; fileRef = 1831114E24469EB700155620 /* ViewController.swift */; };
		1831115224469EB700155620 /* Main.storyboard in Resources */ = {isa = PBXBuildFile; fileRef = 1831115024469EB700155620 /* Main.storyboard */; };
		1831115424469EB900155620 /* Assets.xcassets in Resources */ = {isa = PBXBuildFile; fileRef = 1831115324469EB900155620 /* Assets.xcassets */; };
		1831115724469EB900155620 /* LaunchScreen.storyboard in Resources */ = {isa = PBXBuildFile; fileRef = 1831115524469EB900155620 /* LaunchScreen.storyboard */; };
		183111FA2446A8D400155620 /* Test.m in Sources */ = {isa = PBXBuildFile; fileRef = 183111F92446A8D400155620 /* Test.m */; };
		183112402446F8F200155620 /* YHRXAlamofire.swift in Sources */ = {isa = PBXBuildFile; fileRef = 183111FF2446F8F100155620 /* YHRXAlamofire.swift */; };
		183112412446F8F200155620 /* YHResult.swift in Sources */ = {isa = PBXBuildFile; fileRef = 183112002446F8F100155620 /* YHResult.swift */; };
		183112572446F8F200155620 /* YHRxProgressTracker.swift in Sources */ = {isa = PBXBuildFile; fileRef = 1831121D2446F8F100155620 /* YHRxProgressTracker.swift */; };
		1831125B2446F8F200155620 /* YHSystemFace.m in Sources */ = {isa = PBXBuildFile; fileRef = 183112262446F8F100155620 /* YHSystemFace.m */; };
		1831125C2446F8F200155620 /* YHSystemFaceHelper.m in Sources */ = {isa = PBXBuildFile; fileRef = 183112282446F8F100155620 /* YHSystemFaceHelper.m */; };
		1831125D2446F8F200155620 /* YHSystemFacePageView.m in Sources */ = {isa = PBXBuildFile; fileRef = 1831122A2446F8F100155620 /* YHSystemFacePageView.m */; };
		1831125E2446F8F200155620 /* YHSystemFaceView.m in Sources */ = {isa = PBXBuildFile; fileRef = 1831122B2446F8F100155620 /* YHSystemFaceView.m */; };
		1831125F2446F8F200155620 /* YHSystemFace.bundle in Resources */ = {isa = PBXBuildFile; fileRef = 1831122C2446F8F100155620 /* YHSystemFace.bundle */; };
		183112602446F8F200155620 /* YHRxImagePickerDelegateProxy.swift in Sources */ = {isa = PBXBuildFile; fileRef = 1831122E2446F8F100155620 /* YHRxImagePickerDelegateProxy.swift */; };
		1831126D2446FBB200155620 /* SwiftToolDescription in Resources */ = {isa = PBXBuildFile; fileRef = 1831126C2446FBB200155620 /* SwiftToolDescription */; };
		18485278248774E400BD6A25 /* SwiftyAMapLocation.m in Sources */ = {isa = PBXBuildFile; fileRef = 18485277248774E400BD6A25 /* SwiftyAMapLocation.m */; };
		1848527D2487AC4900BD6A25 /* SwiftyAMapLocationTestViewController.swift in Sources */ = {isa = PBXBuildFile; fileRef = 1848527C2487AC4900BD6A25 /* SwiftyAMapLocationTestViewController.swift */; };
		1869FCD62474FF7F00798729 /* Bundle+SwiftyExtension.swift in Sources */ = {isa = PBXBuildFile; fileRef = 1869FCD52474FF7F00798729 /* Bundle+SwiftyExtension.swift */; };
		1869FCD8247501D700798729 /* String+SwiftyExtension.swift in Sources */ = {isa = PBXBuildFile; fileRef = 1869FCD7247501D700798729 /* String+SwiftyExtension.swift */; };
		1869FCDA2475020A00798729 /* Dictionary+SwiftyExtension.swift in Sources */ = {isa = PBXBuildFile; fileRef = 1869FCD92475020A00798729 /* Dictionary+SwiftyExtension.swift */; };
		1869FCDC2475023300798729 /* Array+SwiftyExtension.swift in Sources */ = {isa = PBXBuildFile; fileRef = 1869FCDB2475023300798729 /* Array+SwiftyExtension.swift */; };
		1869FCDE2475044C00798729 /* CGFloat+SwiftyExtension.swift in Sources */ = {isa = PBXBuildFile; fileRef = 1869FCDD2475044C00798729 /* CGFloat+SwiftyExtension.swift */; };
		1870F4B2246A2E1D0016D596 /* SwiftyMBHUDTestViewController.swift in Sources */ = {isa = PBXBuildFile; fileRef = 1870F4B1246A2E1D0016D596 /* SwiftyMBHUDTestViewController.swift */; };
		1870F4B5246A389E0016D596 /* SwiftyLog.swift in Sources */ = {isa = PBXBuildFile; fileRef = 1870F4B4246A389E0016D596 /* SwiftyLog.swift */; };
		189404E82488A5DC005D9C29 /* SwiftyQCloudCOSManager.swift in Sources */ = {isa = PBXBuildFile; fileRef = 189404E72488A5DC005D9C29 /* SwiftyQCloudCOSManager.swift */; };
		18998DB7246E300400EE72F0 /* String+Words.swift in Sources */ = {isa = PBXBuildFile; fileRef = 18998DB6246E300400EE72F0 /* String+Words.swift */; };
		18AD961724920C3900500C78 /* SwiftyTabBarController.swift in Sources */ = {isa = PBXBuildFile; fileRef = 18AD961624920C3900500C78 /* SwiftyTabBarController.swift */; };
		18D9E67F248675C200CFDC27 /* SwiftyBMKLocation.m in Sources */ = {isa = PBXBuildFile; fileRef = 18D9E67E248675C200CFDC27 /* SwiftyBMKLocation.m */; };
		18D9E68124867E2400CFDC27 /* SwiftyBMKLocationTestViewController.swift in Sources */ = {isa = PBXBuildFile; fileRef = 18D9E68024867E2400CFDC27 /* SwiftyBMKLocationTestViewController.swift */; };
		18DD746C249B6D950012B8D6 /* SwiftyTabBarDemoViewController.swift in Sources */ = {isa = PBXBuildFile; fileRef = 18DD746B249B6D950012B8D6 /* SwiftyTabBarDemoViewController.swift */; };
		18EBB731247372DC0080CC2B /* SwiftyFlowItemsAutoMarginTestViewController.swift in Sources */ = {isa = PBXBuildFile; fileRef = 18EBB730247372DC0080CC2B /* SwiftyFlowItemsAutoMarginTestViewController.swift */; };
		18EBB7332473B6B30080CC2B /* SwiftyFlowItemsAutoWidthTestViewController.swift in Sources */ = {isa = PBXBuildFile; fileRef = 18EBB7322473B6B30080CC2B /* SwiftyFlowItemsAutoWidthTestViewController.swift */; };
		18EBB7352473BA350080CC2B /* UIApplication+SwiftyExtensionForURL.swift in Sources */ = {isa = PBXBuildFile; fileRef = 18EBB7342473BA350080CC2B /* UIApplication+SwiftyExtensionForURL.swift */; };
		18EBB7382473CB670080CC2B /* SwiftyFileManager.swift in Sources */ = {isa = PBXBuildFile; fileRef = 18EBB7372473CB670080CC2B /* SwiftyFileManager.swift */; };
		18EDB38C249897A30083395C /* SwiftyTabBar.swift in Sources */ = {isa = PBXBuildFile; fileRef = 18EDB38B249897A30083395C /* SwiftyTabBar.swift */; };
		18EDB38E2498998D0083395C /* SwiftyTabBarItem.swift in Sources */ = {isa = PBXBuildFile; fileRef = 18EDB38D2498998D0083395C /* SwiftyTabBarItem.swift */; };
		18EDB3902498A6790083395C /* SwiftyTabBarBadgeView.swift in Sources */ = {isa = PBXBuildFile; fileRef = 18EDB38F2498A6790083395C /* SwiftyTabBarBadgeView.swift */; };
		18EDB3922498B24F0083395C /* SwiftyTabBarItemContainer.swift in Sources */ = {isa = PBXBuildFile; fileRef = 18EDB3912498B24F0083395C /* SwiftyTabBarItemContainer.swift */; };
		7ED1CA540CCEE052DF44FE7A /* Pods_SwiftTool.framework in Frameworks */ = {isa = PBXBuildFile; fileRef = 4806E0A8EE8767510EF2FD61 /* Pods_SwiftTool.framework */; };
		852C23FE246F9091003746E7 /* SwiftyCityPickerTestViewController.swift in Sources */ = {isa = PBXBuildFile; fileRef = 852C23FD246F9091003746E7 /* SwiftyCityPickerTestViewController.swift */; };
		852C2400247043A2003746E7 /* SwiftyCityModel.swift in Sources */ = {isa = PBXBuildFile; fileRef = 852C23FF247043A2003746E7 /* SwiftyCityModel.swift */; };
		8544C6C9246C3CAE00361C08 /* SwiftyPickerToolBar.swift in Sources */ = {isa = PBXBuildFile; fileRef = 8544C6C8246C3CAE00361C08 /* SwiftyPickerToolBar.swift */; };
		8544C6CB246C3D2D00361C08 /* SwiftyDatePickerView.swift in Sources */ = {isa = PBXBuildFile; fileRef = 8544C6CA246C3D2D00361C08 /* SwiftyDatePickerView.swift */; };
		8544C6CD246C3ED100361C08 /* SwiftyPickerView.swift in Sources */ = {isa = PBXBuildFile; fileRef = 8544C6CC246C3ED100361C08 /* SwiftyPickerView.swift */; };
		8544C6CF246C4AAC00361C08 /* SwiftyPermission.swift in Sources */ = {isa = PBXBuildFile; fileRef = 8544C6CE246C4AAC00361C08 /* SwiftyPermission.swift */; };
		8544C6D1246C4B7F00361C08 /* SwiftyPermissionTestViewController.swift in Sources */ = {isa = PBXBuildFile; fileRef = 8544C6D0246C4B7F00361C08 /* SwiftyPermissionTestViewController.swift */; };
		854E899F248FC56700D1994B /* SwiftyCusNavigationBar.swift in Sources */ = {isa = PBXBuildFile; fileRef = 854E899E248FC56700D1994B /* SwiftyCusNavigationBar.swift */; };
		859A7D7A246EF00B008F7A4F /* SwiftyCity.bundle in Resources */ = {isa = PBXBuildFile; fileRef = 859A7D79246EF00B008F7A4F /* SwiftyCity.bundle */; };
		859A7D80246EF7F7008F7A4F /* SwiftyCityPickerView.swift in Sources */ = {isa = PBXBuildFile; fileRef = 859A7D7F246EF7F7008F7A4F /* SwiftyCityPickerView.swift */; };
		85C3234224853772007D2B73 /* SwiftyNativeLocation.swift in Sources */ = {isa = PBXBuildFile; fileRef = 85C3234124853772007D2B73 /* SwiftyNativeLocation.swift */; };
		85C3234424853CF6007D2B73 /* SwiftyNativeLocationTestViewController.swift in Sources */ = {isa = PBXBuildFile; fileRef = 85C3234324853CF6007D2B73 /* SwiftyNativeLocationTestViewController.swift */; };
		85CD1E452487E0D900149C71 /* Keys.swift in Sources */ = {isa = PBXBuildFile; fileRef = 85CD1E442487E0D900149C71 /* Keys.swift */; };
		85CD1E472487F52300149C71 /* SwiftyViewModelType.swift in Sources */ = {isa = PBXBuildFile; fileRef = 85CD1E462487F52300149C71 /* SwiftyViewModelType.swift */; };
/* End PBXBuildFile section */

/* Begin PBXFileReference section */
		180E6EC32468EBB3001B069C /* SwiftyHUD.bundle */ = {isa = PBXFileReference; lastKnownFileType = "wrapper.plug-in"; path = SwiftyHUD.bundle; sourceTree = "<group>"; };
		180E6EC52468EC5C001B069C /* SwiftyMBHUD.swift */ = {isa = PBXFileReference; lastKnownFileType = sourcecode.swift; path = SwiftyMBHUD.swift; sourceTree = "<group>"; };
		1818101B248E0A9700BB4D03 /* SwiftyQCloudCOSManagerTestViewController.swift */ = {isa = PBXFileReference; lastKnownFileType = sourcecode.swift; path = SwiftyQCloudCOSManagerTestViewController.swift; sourceTree = "<group>"; };
		1818101D248E10F200BB4D03 /* test.png */ = {isa = PBXFileReference; lastKnownFileType = image.png; path = test.png; sourceTree = "<group>"; };
		1827D02C246D1B7500429B36 /* SwiftyLogTestViewController.swift */ = {isa = PBXFileReference; lastKnownFileType = sourcecode.swift; path = SwiftyLogTestViewController.swift; sourceTree = "<group>"; };
		1827D03A246D223A00429B36 /* SwiftyWordsSortTestViewController.swift */ = {isa = PBXFileReference; lastKnownFileType = sourcecode.swift; path = SwiftyWordsSortTestViewController.swift; sourceTree = "<group>"; };
		1827D03C246D23EA00429B36 /* SwiftyWordsSort.swift */ = {isa = PBXFileReference; lastKnownFileType = sourcecode.swift; path = SwiftyWordsSort.swift; sourceTree = "<group>"; };
		182805D42472394700A3D228 /* UIColor+SwiftyExtension.swift */ = {isa = PBXFileReference; lastKnownFileType = sourcecode.swift; path = "UIColor+SwiftyExtension.swift"; sourceTree = "<group>"; };
		182805D624723C4700A3D228 /* UIImage+SwiftyExtensionForColor.swift */ = {isa = PBXFileReference; lastKnownFileType = sourcecode.swift; path = "UIImage+SwiftyExtensionForColor.swift"; sourceTree = "<group>"; };
		182805D824723C9B00A3D228 /* UIView+SwiftyExtensionForFrame.swift */ = {isa = PBXFileReference; lastKnownFileType = sourcecode.swift; path = "UIView+SwiftyExtensionForFrame.swift"; sourceTree = "<group>"; };
		182805DA24723CE200A3D228 /* UIView+SwiftyExtensionForSnapshot.swift */ = {isa = PBXFileReference; lastKnownFileType = sourcecode.swift; path = "UIView+SwiftyExtensionForSnapshot.swift"; sourceTree = "<group>"; };
		182805DC24726E6800A3D228 /* UIDevice+SwiftyExtension.swift */ = {isa = PBXFileReference; lastKnownFileType = sourcecode.swift; path = "UIDevice+SwiftyExtension.swift"; sourceTree = "<group>"; };
		182805DE2472710000A3D228 /* SwiftyTagContainerView.swift */ = {isa = PBXFileReference; lastKnownFileType = sourcecode.swift; path = SwiftyTagContainerView.swift; sourceTree = "<group>"; };
		182805E02472715C00A3D228 /* SwiftyTagContainerTestViewController.swift */ = {isa = PBXFileReference; lastKnownFileType = sourcecode.swift; path = SwiftyTagContainerTestViewController.swift; sourceTree = "<group>"; };
		182805E224727B1800A3D228 /* SwiftyFlowItemsDisplayNode.swift */ = {isa = PBXFileReference; lastKnownFileType = sourcecode.swift; path = SwiftyFlowItemsDisplayNode.swift; sourceTree = "<group>"; };
		182805E4247282E600A3D228 /* SwiftyFlowItemsTestViewController.swift */ = {isa = PBXFileReference; lastKnownFileType = sourcecode.swift; path = SwiftyFlowItemsTestViewController.swift; sourceTree = "<group>"; };
		182B7BB8246B873D000A95D0 /* SwiftyPickerTestViewController.swift */ = {isa = PBXFileReference; lastKnownFileType = sourcecode.swift; path = SwiftyPickerTestViewController.swift; sourceTree = "<group>"; };
		183091B12490D89C007EA52C /* SwiftyCusNavigationBarTestViewController.swift */ = {isa = PBXFileReference; lastKnownFileType = sourcecode.swift; path = SwiftyCusNavigationBarTestViewController.swift; sourceTree = "<group>"; };
		183091B32490D950007EA52C /* SwiftyBaseViewController.swift */ = {isa = PBXFileReference; lastKnownFileType = sourcecode.swift; path = SwiftyBaseViewController.swift; sourceTree = "<group>"; };
		1831114724469EB700155620 /* SwiftTool.app */ = {isa = PBXFileReference; explicitFileType = wrapper.application; includeInIndex = 0; path = SwiftTool.app; sourceTree = BUILT_PRODUCTS_DIR; };
		1831114A24469EB700155620 /* AppDelegate.swift */ = {isa = PBXFileReference; lastKnownFileType = sourcecode.swift; path = AppDelegate.swift; sourceTree = "<group>"; };
		1831114E24469EB700155620 /* ViewController.swift */ = {isa = PBXFileReference; lastKnownFileType = sourcecode.swift; path = ViewController.swift; sourceTree = "<group>"; };
		1831115124469EB700155620 /* Base */ = {isa = PBXFileReference; lastKnownFileType = file.storyboard; name = Base; path = Base.lproj/Main.storyboard; sourceTree = "<group>"; };
		1831115324469EB900155620 /* Assets.xcassets */ = {isa = PBXFileReference; lastKnownFileType = folder.assetcatalog; path = Assets.xcassets; sourceTree = "<group>"; };
		1831115624469EB900155620 /* Base */ = {isa = PBXFileReference; lastKnownFileType = file.storyboard; name = Base; path = Base.lproj/LaunchScreen.storyboard; sourceTree = "<group>"; };
		1831115824469EB900155620 /* Info.plist */ = {isa = PBXFileReference; lastKnownFileType = text.plist.xml; path = Info.plist; sourceTree = "<group>"; };
		183111F82446A8D400155620 /* Test.h */ = {isa = PBXFileReference; lastKnownFileType = sourcecode.c.h; path = Test.h; sourceTree = "<group>"; };
		183111F92446A8D400155620 /* Test.m */ = {isa = PBXFileReference; lastKnownFileType = sourcecode.c.objc; path = Test.m; sourceTree = "<group>"; };
		183111FB2446A8FF00155620 /* SwiftTool-Bridging-Header.h */ = {isa = PBXFileReference; lastKnownFileType = sourcecode.c.h; path = "SwiftTool-Bridging-Header.h"; sourceTree = "<group>"; };
		183111FF2446F8F100155620 /* YHRXAlamofire.swift */ = {isa = PBXFileReference; fileEncoding = 4; lastKnownFileType = sourcecode.swift; path = YHRXAlamofire.swift; sourceTree = "<group>"; };
		183112002446F8F100155620 /* YHResult.swift */ = {isa = PBXFileReference; fileEncoding = 4; lastKnownFileType = sourcecode.swift; path = YHResult.swift; sourceTree = "<group>"; };
		1831121D2446F8F100155620 /* YHRxProgressTracker.swift */ = {isa = PBXFileReference; fileEncoding = 4; lastKnownFileType = sourcecode.swift; path = YHRxProgressTracker.swift; sourceTree = "<group>"; };
		183112242446F8F100155620 /* YHSystemFaceHelper.h */ = {isa = PBXFileReference; fileEncoding = 4; lastKnownFileType = sourcecode.c.h; path = YHSystemFaceHelper.h; sourceTree = "<group>"; };
		183112252446F8F100155620 /* YHSystemFacePageView.h */ = {isa = PBXFileReference; fileEncoding = 4; lastKnownFileType = sourcecode.c.h; path = YHSystemFacePageView.h; sourceTree = "<group>"; };
		183112262446F8F100155620 /* YHSystemFace.m */ = {isa = PBXFileReference; fileEncoding = 4; lastKnownFileType = sourcecode.c.objc; path = YHSystemFace.m; sourceTree = "<group>"; };
		183112272446F8F100155620 /* YHSystemFaceView.h */ = {isa = PBXFileReference; fileEncoding = 4; lastKnownFileType = sourcecode.c.h; path = YHSystemFaceView.h; sourceTree = "<group>"; };
		183112282446F8F100155620 /* YHSystemFaceHelper.m */ = {isa = PBXFileReference; fileEncoding = 4; lastKnownFileType = sourcecode.c.objc; path = YHSystemFaceHelper.m; sourceTree = "<group>"; };
		183112292446F8F100155620 /* YHSystemFace.h */ = {isa = PBXFileReference; fileEncoding = 4; lastKnownFileType = sourcecode.c.h; path = YHSystemFace.h; sourceTree = "<group>"; };
		1831122A2446F8F100155620 /* YHSystemFacePageView.m */ = {isa = PBXFileReference; fileEncoding = 4; lastKnownFileType = sourcecode.c.objc; path = YHSystemFacePageView.m; sourceTree = "<group>"; };
		1831122B2446F8F100155620 /* YHSystemFaceView.m */ = {isa = PBXFileReference; fileEncoding = 4; lastKnownFileType = sourcecode.c.objc; path = YHSystemFaceView.m; sourceTree = "<group>"; };
		1831122C2446F8F100155620 /* YHSystemFace.bundle */ = {isa = PBXFileReference; lastKnownFileType = "wrapper.plug-in"; path = YHSystemFace.bundle; sourceTree = "<group>"; };
		1831122E2446F8F100155620 /* YHRxImagePickerDelegateProxy.swift */ = {isa = PBXFileReference; fileEncoding = 4; lastKnownFileType = sourcecode.swift; path = YHRxImagePickerDelegateProxy.swift; sourceTree = "<group>"; };
		1831126C2446FBB200155620 /* SwiftToolDescription */ = {isa = PBXFileReference; fileEncoding = 4; lastKnownFileType = text; path = SwiftToolDescription; sourceTree = "<group>"; };
		18485276248774E400BD6A25 /* SwiftyAMapLocation.h */ = {isa = PBXFileReference; lastKnownFileType = sourcecode.c.h; path = SwiftyAMapLocation.h; sourceTree = "<group>"; };
		18485277248774E400BD6A25 /* SwiftyAMapLocation.m */ = {isa = PBXFileReference; lastKnownFileType = sourcecode.c.objc; path = SwiftyAMapLocation.m; sourceTree = "<group>"; };
		1848527C2487AC4900BD6A25 /* SwiftyAMapLocationTestViewController.swift */ = {isa = PBXFileReference; lastKnownFileType = sourcecode.swift; path = SwiftyAMapLocationTestViewController.swift; sourceTree = "<group>"; };
		1869FCD52474FF7F00798729 /* Bundle+SwiftyExtension.swift */ = {isa = PBXFileReference; lastKnownFileType = sourcecode.swift; path = "Bundle+SwiftyExtension.swift"; sourceTree = "<group>"; };
		1869FCD7247501D700798729 /* String+SwiftyExtension.swift */ = {isa = PBXFileReference; lastKnownFileType = sourcecode.swift; path = "String+SwiftyExtension.swift"; sourceTree = "<group>"; };
		1869FCD92475020A00798729 /* Dictionary+SwiftyExtension.swift */ = {isa = PBXFileReference; lastKnownFileType = sourcecode.swift; path = "Dictionary+SwiftyExtension.swift"; sourceTree = "<group>"; };
		1869FCDB2475023300798729 /* Array+SwiftyExtension.swift */ = {isa = PBXFileReference; lastKnownFileType = sourcecode.swift; path = "Array+SwiftyExtension.swift"; sourceTree = "<group>"; };
		1869FCDD2475044C00798729 /* CGFloat+SwiftyExtension.swift */ = {isa = PBXFileReference; lastKnownFileType = sourcecode.swift; path = "CGFloat+SwiftyExtension.swift"; sourceTree = "<group>"; };
		1870F4B1246A2E1D0016D596 /* SwiftyMBHUDTestViewController.swift */ = {isa = PBXFileReference; lastKnownFileType = sourcecode.swift; path = SwiftyMBHUDTestViewController.swift; sourceTree = "<group>"; };
		1870F4B4246A389E0016D596 /* SwiftyLog.swift */ = {isa = PBXFileReference; lastKnownFileType = sourcecode.swift; path = SwiftyLog.swift; sourceTree = "<group>"; };
		189404E72488A5DC005D9C29 /* SwiftyQCloudCOSManager.swift */ = {isa = PBXFileReference; lastKnownFileType = sourcecode.swift; path = SwiftyQCloudCOSManager.swift; sourceTree = "<group>"; };
		18998DB6246E300400EE72F0 /* String+Words.swift */ = {isa = PBXFileReference; lastKnownFileType = sourcecode.swift; path = "String+Words.swift"; sourceTree = "<group>"; };
		18AD961624920C3900500C78 /* SwiftyTabBarController.swift */ = {isa = PBXFileReference; lastKnownFileType = sourcecode.swift; path = SwiftyTabBarController.swift; sourceTree = "<group>"; };
		18D9E67D248675C200CFDC27 /* SwiftyBMKLocation.h */ = {isa = PBXFileReference; lastKnownFileType = sourcecode.c.h; path = SwiftyBMKLocation.h; sourceTree = "<group>"; };
		18D9E67E248675C200CFDC27 /* SwiftyBMKLocation.m */ = {isa = PBXFileReference; lastKnownFileType = sourcecode.c.objc; path = SwiftyBMKLocation.m; sourceTree = "<group>"; };
		18D9E68024867E2400CFDC27 /* SwiftyBMKLocationTestViewController.swift */ = {isa = PBXFileReference; lastKnownFileType = sourcecode.swift; path = SwiftyBMKLocationTestViewController.swift; sourceTree = "<group>"; };
		18DD746B249B6D950012B8D6 /* SwiftyTabBarDemoViewController.swift */ = {isa = PBXFileReference; lastKnownFileType = sourcecode.swift; path = SwiftyTabBarDemoViewController.swift; sourceTree = "<group>"; };
		18EBB730247372DC0080CC2B /* SwiftyFlowItemsAutoMarginTestViewController.swift */ = {isa = PBXFileReference; lastKnownFileType = sourcecode.swift; path = SwiftyFlowItemsAutoMarginTestViewController.swift; sourceTree = "<group>"; };
		18EBB7322473B6B30080CC2B /* SwiftyFlowItemsAutoWidthTestViewController.swift */ = {isa = PBXFileReference; lastKnownFileType = sourcecode.swift; path = SwiftyFlowItemsAutoWidthTestViewController.swift; sourceTree = "<group>"; };
		18EBB7342473BA350080CC2B /* UIApplication+SwiftyExtensionForURL.swift */ = {isa = PBXFileReference; lastKnownFileType = sourcecode.swift; path = "UIApplication+SwiftyExtensionForURL.swift"; sourceTree = "<group>"; };
		18EBB7372473CB670080CC2B /* SwiftyFileManager.swift */ = {isa = PBXFileReference; lastKnownFileType = sourcecode.swift; path = SwiftyFileManager.swift; sourceTree = "<group>"; };
		18EDB38B249897A30083395C /* SwiftyTabBar.swift */ = {isa = PBXFileReference; lastKnownFileType = sourcecode.swift; path = SwiftyTabBar.swift; sourceTree = "<group>"; };
		18EDB38D2498998D0083395C /* SwiftyTabBarItem.swift */ = {isa = PBXFileReference; lastKnownFileType = sourcecode.swift; path = SwiftyTabBarItem.swift; sourceTree = "<group>"; };
		18EDB38F2498A6790083395C /* SwiftyTabBarBadgeView.swift */ = {isa = PBXFileReference; lastKnownFileType = sourcecode.swift; path = SwiftyTabBarBadgeView.swift; sourceTree = "<group>"; };
		18EDB3912498B24F0083395C /* SwiftyTabBarItemContainer.swift */ = {isa = PBXFileReference; lastKnownFileType = sourcecode.swift; path = SwiftyTabBarItemContainer.swift; sourceTree = "<group>"; };
		425C6511002199BBE0183C7D /* Pods-SwiftTool.release.xcconfig */ = {isa = PBXFileReference; includeInIndex = 1; lastKnownFileType = text.xcconfig; name = "Pods-SwiftTool.release.xcconfig"; path = "Target Support Files/Pods-SwiftTool/Pods-SwiftTool.release.xcconfig"; sourceTree = "<group>"; };
		4806E0A8EE8767510EF2FD61 /* Pods_SwiftTool.framework */ = {isa = PBXFileReference; explicitFileType = wrapper.framework; includeInIndex = 0; path = Pods_SwiftTool.framework; sourceTree = BUILT_PRODUCTS_DIR; };
		852C23FD246F9091003746E7 /* SwiftyCityPickerTestViewController.swift */ = {isa = PBXFileReference; lastKnownFileType = sourcecode.swift; path = SwiftyCityPickerTestViewController.swift; sourceTree = "<group>"; };
		852C23FF247043A2003746E7 /* SwiftyCityModel.swift */ = {isa = PBXFileReference; lastKnownFileType = sourcecode.swift; path = SwiftyCityModel.swift; sourceTree = "<group>"; };
		8544C6C8246C3CAE00361C08 /* SwiftyPickerToolBar.swift */ = {isa = PBXFileReference; lastKnownFileType = sourcecode.swift; path = SwiftyPickerToolBar.swift; sourceTree = "<group>"; };
		8544C6CA246C3D2D00361C08 /* SwiftyDatePickerView.swift */ = {isa = PBXFileReference; lastKnownFileType = sourcecode.swift; path = SwiftyDatePickerView.swift; sourceTree = "<group>"; };
		8544C6CC246C3ED100361C08 /* SwiftyPickerView.swift */ = {isa = PBXFileReference; lastKnownFileType = sourcecode.swift; path = SwiftyPickerView.swift; sourceTree = "<group>"; };
		8544C6CE246C4AAC00361C08 /* SwiftyPermission.swift */ = {isa = PBXFileReference; lastKnownFileType = sourcecode.swift; path = SwiftyPermission.swift; sourceTree = "<group>"; };
		8544C6D0246C4B7F00361C08 /* SwiftyPermissionTestViewController.swift */ = {isa = PBXFileReference; lastKnownFileType = sourcecode.swift; path = SwiftyPermissionTestViewController.swift; sourceTree = "<group>"; };
		854E899E248FC56700D1994B /* SwiftyCusNavigationBar.swift */ = {isa = PBXFileReference; lastKnownFileType = sourcecode.swift; path = SwiftyCusNavigationBar.swift; sourceTree = "<group>"; };
		859A7D79246EF00B008F7A4F /* SwiftyCity.bundle */ = {isa = PBXFileReference; lastKnownFileType = "wrapper.plug-in"; path = SwiftyCity.bundle; sourceTree = "<group>"; };
		859A7D7F246EF7F7008F7A4F /* SwiftyCityPickerView.swift */ = {isa = PBXFileReference; lastKnownFileType = sourcecode.swift; path = SwiftyCityPickerView.swift; sourceTree = "<group>"; };
		85C3234124853772007D2B73 /* SwiftyNativeLocation.swift */ = {isa = PBXFileReference; lastKnownFileType = sourcecode.swift; path = SwiftyNativeLocation.swift; sourceTree = "<group>"; };
		85C3234324853CF6007D2B73 /* SwiftyNativeLocationTestViewController.swift */ = {isa = PBXFileReference; lastKnownFileType = sourcecode.swift; path = SwiftyNativeLocationTestViewController.swift; sourceTree = "<group>"; };
		85CD1E442487E0D900149C71 /* Keys.swift */ = {isa = PBXFileReference; lastKnownFileType = sourcecode.swift; path = Keys.swift; sourceTree = "<group>"; };
		85CD1E462487F52300149C71 /* SwiftyViewModelType.swift */ = {isa = PBXFileReference; lastKnownFileType = sourcecode.swift; path = SwiftyViewModelType.swift; sourceTree = "<group>"; };
		B4B9793D1D5B9C59651E2DBB /* Pods-SwiftTool.debug.xcconfig */ = {isa = PBXFileReference; includeInIndex = 1; lastKnownFileType = text.xcconfig; name = "Pods-SwiftTool.debug.xcconfig"; path = "Target Support Files/Pods-SwiftTool/Pods-SwiftTool.debug.xcconfig"; sourceTree = "<group>"; };
/* End PBXFileReference section */

/* Begin PBXFrameworksBuildPhase section */
		1831114424469EB700155620 /* Frameworks */ = {
			isa = PBXFrameworksBuildPhase;
			buildActionMask = 2147483647;
			files = (
				7ED1CA540CCEE052DF44FE7A /* Pods_SwiftTool.framework in Frameworks */,
			);
			runOnlyForDeploymentPostprocessing = 0;
		};
/* End PBXFrameworksBuildPhase section */

/* Begin PBXGroup section */
		180E6EC22468EB51001B069C /* HUD */ = {
			isa = PBXGroup;
			children = (
				180E6EC52468EC5C001B069C /* SwiftyMBHUD.swift */,
				1870F4B1246A2E1D0016D596 /* SwiftyMBHUDTestViewController.swift */,
				180E6EC32468EBB3001B069C /* SwiftyHUD.bundle */,
			);
			path = HUD;
			sourceTree = "<group>";
		};
		1827D02E246D1E6800429B36 /* Words Sort */ = {
			isa = PBXGroup;
			children = (
				1827D03C246D23EA00429B36 /* SwiftyWordsSort.swift */,
				18998DB6246E300400EE72F0 /* String+Words.swift */,
				1827D03A246D223A00429B36 /* SwiftyWordsSortTestViewController.swift */,
			);
			path = "Words Sort";
			sourceTree = "<group>";
		};
		1831113E24469EB700155620 = {
			isa = PBXGroup;
			children = (
				1831114924469EB700155620 /* SwiftTool */,
				1831114824469EB700155620 /* Products */,
				21C11EE9CC175856C82472D7 /* Pods */,
				2F72C10AAB3612D3E076865B /* Frameworks */,
			);
			sourceTree = "<group>";
		};
		1831114824469EB700155620 /* Products */ = {
			isa = PBXGroup;
			children = (
				1831114724469EB700155620 /* SwiftTool.app */,
			);
			name = Products;
			sourceTree = "<group>";
		};
		1831114924469EB700155620 /* SwiftTool */ = {
			isa = PBXGroup;
			children = (
				183111FC2446F8F100155620 /* Sources */,
				1831114A24469EB700155620 /* AppDelegate.swift */,
				1831114E24469EB700155620 /* ViewController.swift */,
				183111F82446A8D400155620 /* Test.h */,
				183111F92446A8D400155620 /* Test.m */,
				85CD1E442487E0D900149C71 /* Keys.swift */,
				1818101D248E10F200BB4D03 /* test.png */,
				183111FB2446A8FF00155620 /* SwiftTool-Bridging-Header.h */,
				1831115024469EB700155620 /* Main.storyboard */,
				1831115324469EB900155620 /* Assets.xcassets */,
				1831115524469EB900155620 /* LaunchScreen.storyboard */,
				1831115824469EB900155620 /* Info.plist */,
			);
			path = SwiftTool;
			sourceTree = "<group>";
		};
		183111FC2446F8F100155620 /* Sources */ = {
			isa = PBXGroup;
			children = (
				1831126C2446FBB200155620 /* SwiftToolDescription */,
				18EBB7362473CB390080CC2B /* File */,
				859A7D78246EEFB8008F7A4F /* City Picker */,
				1827D02E246D1E6800429B36 /* Words Sort */,
				1870F4BA246A678E0016D596 /* Permission */,
				1870F4B3246A387A0016D596 /* Log */,
				180E6EC22468EB51001B069C /* HUD */,
				183111FE2446F8F100155620 /* NetworkRequest */,
				183112012446F8F100155620 /* Picker */,
				183112052446F8F100155620 /* ViewModelType */,
				183112072446F8F100155620 /* UIKit */,
				183112162446F8F100155620 /* Foundation */,
				1831121C2446F8F100155620 /* RxProgressTracker */,
				1831121E2446F8F100155620 /* NavigationBar */,
				183112212446F8F100155620 /* AsyncDisplayKit */,
				183112232446F8F100155620 /* System Face */,
				1831122D2446F8F100155620 /* UIImagePicker */,
				1831122F2446F8F100155620 /* Tag */,
				183112312446F8F100155620 /* SwiftyTabBarController */,
				183112382446F8F100155620 /* NativeLocation */,
				1831123A2446F8F100155620 /* TencentUpload */,
				1831123D2446F8F100155620 /* BaiduLocation */,
				18485275248773AE00BD6A25 /* GaoDeLocation */,
			);
			path = Sources;
			sourceTree = SOURCE_ROOT;
		};
		183111FE2446F8F100155620 /* NetworkRequest */ = {
			isa = PBXGroup;
			children = (
				183111FF2446F8F100155620 /* YHRXAlamofire.swift */,
				183112002446F8F100155620 /* YHResult.swift */,
			);
			path = NetworkRequest;
			sourceTree = "<group>";
		};
		183112012446F8F100155620 /* Picker */ = {
			isa = PBXGroup;
			children = (
				8544C6C8246C3CAE00361C08 /* SwiftyPickerToolBar.swift */,
				8544C6CA246C3D2D00361C08 /* SwiftyDatePickerView.swift */,
				8544C6CC246C3ED100361C08 /* SwiftyPickerView.swift */,
				182B7BB8246B873D000A95D0 /* SwiftyPickerTestViewController.swift */,
			);
			path = Picker;
			sourceTree = "<group>";
		};
		183112052446F8F100155620 /* ViewModelType */ = {
			isa = PBXGroup;
			children = (
				85CD1E462487F52300149C71 /* SwiftyViewModelType.swift */,
			);
			path = ViewModelType;
			sourceTree = "<group>";
		};
		183112072446F8F100155620 /* UIKit */ = {
			isa = PBXGroup;
			children = (
				182805D624723C4700A3D228 /* UIImage+SwiftyExtensionForColor.swift */,
				182805D42472394700A3D228 /* UIColor+SwiftyExtension.swift */,
				182805D824723C9B00A3D228 /* UIView+SwiftyExtensionForFrame.swift */,
				182805DA24723CE200A3D228 /* UIView+SwiftyExtensionForSnapshot.swift */,
				182805DC24726E6800A3D228 /* UIDevice+SwiftyExtension.swift */,
				18EBB7342473BA350080CC2B /* UIApplication+SwiftyExtensionForURL.swift */,
			);
			path = UIKit;
			sourceTree = "<group>";
		};
		183112162446F8F100155620 /* Foundation */ = {
			isa = PBXGroup;
			children = (
				1869FCDD2475044C00798729 /* CGFloat+SwiftyExtension.swift */,
				1869FCDB2475023300798729 /* Array+SwiftyExtension.swift */,
				1869FCD92475020A00798729 /* Dictionary+SwiftyExtension.swift */,
				1869FCD7247501D700798729 /* String+SwiftyExtension.swift */,
				1869FCD52474FF7F00798729 /* Bundle+SwiftyExtension.swift */,
			);
			path = Foundation;
			sourceTree = "<group>";
		};
		1831121C2446F8F100155620 /* RxProgressTracker */ = {
			isa = PBXGroup;
			children = (
				1831121D2446F8F100155620 /* YHRxProgressTracker.swift */,
			);
			path = RxProgressTracker;
			sourceTree = "<group>";
		};
		1831121E2446F8F100155620 /* NavigationBar */ = {
			isa = PBXGroup;
			children = (
				854E899E248FC56700D1994B /* SwiftyCusNavigationBar.swift */,
				183091B32490D950007EA52C /* SwiftyBaseViewController.swift */,
				183091B12490D89C007EA52C /* SwiftyCusNavigationBarTestViewController.swift */,
			);
			path = NavigationBar;
			sourceTree = "<group>";
		};
		183112212446F8F100155620 /* AsyncDisplayKit */ = {
			isa = PBXGroup;
			children = (
				182805E224727B1800A3D228 /* SwiftyFlowItemsDisplayNode.swift */,
				182805E4247282E600A3D228 /* SwiftyFlowItemsTestViewController.swift */,
				18EBB730247372DC0080CC2B /* SwiftyFlowItemsAutoMarginTestViewController.swift */,
				18EBB7322473B6B30080CC2B /* SwiftyFlowItemsAutoWidthTestViewController.swift */,
			);
			path = AsyncDisplayKit;
			sourceTree = "<group>";
		};
		183112232446F8F100155620 /* System Face */ = {
			isa = PBXGroup;
			children = (
				183112272446F8F100155620 /* YHSystemFaceView.h */,
				1831122B2446F8F100155620 /* YHSystemFaceView.m */,
				183112292446F8F100155620 /* YHSystemFace.h */,
				183112262446F8F100155620 /* YHSystemFace.m */,
				183112242446F8F100155620 /* YHSystemFaceHelper.h */,
				183112282446F8F100155620 /* YHSystemFaceHelper.m */,
				183112252446F8F100155620 /* YHSystemFacePageView.h */,
				1831122A2446F8F100155620 /* YHSystemFacePageView.m */,
				1831122C2446F8F100155620 /* YHSystemFace.bundle */,
			);
			path = "System Face";
			sourceTree = "<group>";
		};
		1831122D2446F8F100155620 /* UIImagePicker */ = {
			isa = PBXGroup;
			children = (
				1831122E2446F8F100155620 /* YHRxImagePickerDelegateProxy.swift */,
			);
			path = UIImagePicker;
			sourceTree = "<group>";
		};
		1831122F2446F8F100155620 /* Tag */ = {
			isa = PBXGroup;
			children = (
				182805DE2472710000A3D228 /* SwiftyTagContainerView.swift */,
				182805E02472715C00A3D228 /* SwiftyTagContainerTestViewController.swift */,
			);
			path = Tag;
			sourceTree = "<group>";
		};
		183112312446F8F100155620 /* SwiftyTabBarController */ = {
			isa = PBXGroup;
			children = (
				18AD961624920C3900500C78 /* SwiftyTabBarController.swift */,
				18EDB38B249897A30083395C /* SwiftyTabBar.swift */,
				18EDB38D2498998D0083395C /* SwiftyTabBarItem.swift */,
				18EDB3912498B24F0083395C /* SwiftyTabBarItemContainer.swift */,
				18EDB38F2498A6790083395C /* SwiftyTabBarBadgeView.swift */,
				18DD746B249B6D950012B8D6 /* SwiftyTabBarDemoViewController.swift */,
			);
			path = SwiftyTabBarController;
			sourceTree = "<group>";
		};
		183112382446F8F100155620 /* NativeLocation */ = {
			isa = PBXGroup;
			children = (
				85C3234124853772007D2B73 /* SwiftyNativeLocation.swift */,
				85C3234324853CF6007D2B73 /* SwiftyNativeLocationTestViewController.swift */,
			);
			path = NativeLocation;
			sourceTree = "<group>";
		};
		1831123A2446F8F100155620 /* TencentUpload */ = {
			isa = PBXGroup;
			children = (
				189404E72488A5DC005D9C29 /* SwiftyQCloudCOSManager.swift */,
				1818101B248E0A9700BB4D03 /* SwiftyQCloudCOSManagerTestViewController.swift */,
			);
			path = TencentUpload;
			sourceTree = "<group>";
		};
		1831123D2446F8F100155620 /* BaiduLocation */ = {
			isa = PBXGroup;
			children = (
				18D9E67D248675C200CFDC27 /* SwiftyBMKLocation.h */,
				18D9E67E248675C200CFDC27 /* SwiftyBMKLocation.m */,
				18D9E68024867E2400CFDC27 /* SwiftyBMKLocationTestViewController.swift */,
			);
			path = BaiduLocation;
			sourceTree = "<group>";
		};
		18485275248773AE00BD6A25 /* GaoDeLocation */ = {
			isa = PBXGroup;
			children = (
				18485276248774E400BD6A25 /* SwiftyAMapLocation.h */,
				18485277248774E400BD6A25 /* SwiftyAMapLocation.m */,
				1848527C2487AC4900BD6A25 /* SwiftyAMapLocationTestViewController.swift */,
			);
			path = GaoDeLocation;
			sourceTree = "<group>";
		};
		1870F4B3246A387A0016D596 /* Log */ = {
			isa = PBXGroup;
			children = (
				1870F4B4246A389E0016D596 /* SwiftyLog.swift */,
				1827D02C246D1B7500429B36 /* SwiftyLogTestViewController.swift */,
			);
			path = Log;
			sourceTree = "<group>";
		};
		1870F4BA246A678E0016D596 /* Permission */ = {
			isa = PBXGroup;
			children = (
				8544C6CE246C4AAC00361C08 /* SwiftyPermission.swift */,
				8544C6D0246C4B7F00361C08 /* SwiftyPermissionTestViewController.swift */,
			);
			path = Permission;
			sourceTree = "<group>";
		};
		18EBB7362473CB390080CC2B /* File */ = {
			isa = PBXGroup;
			children = (
				18EBB7372473CB670080CC2B /* SwiftyFileManager.swift */,
			);
			path = File;
			sourceTree = "<group>";
		};
		21C11EE9CC175856C82472D7 /* Pods */ = {
			isa = PBXGroup;
			children = (
				B4B9793D1D5B9C59651E2DBB /* Pods-SwiftTool.debug.xcconfig */,
				425C6511002199BBE0183C7D /* Pods-SwiftTool.release.xcconfig */,
			);
			path = Pods;
			sourceTree = "<group>";
		};
		2F72C10AAB3612D3E076865B /* Frameworks */ = {
			isa = PBXGroup;
			children = (
				4806E0A8EE8767510EF2FD61 /* Pods_SwiftTool.framework */,
			);
			name = Frameworks;
			sourceTree = "<group>";
		};
		859A7D78246EEFB8008F7A4F /* City Picker */ = {
			isa = PBXGroup;
			children = (
				859A7D7F246EF7F7008F7A4F /* SwiftyCityPickerView.swift */,
				852C23FF247043A2003746E7 /* SwiftyCityModel.swift */,
				852C23FD246F9091003746E7 /* SwiftyCityPickerTestViewController.swift */,
				859A7D79246EF00B008F7A4F /* SwiftyCity.bundle */,
			);
			path = "City Picker";
			sourceTree = "<group>";
		};
/* End PBXGroup section */

/* Begin PBXNativeTarget section */
		1831114624469EB700155620 /* SwiftTool */ = {
			isa = PBXNativeTarget;
			buildConfigurationList = 1831115B24469EB900155620 /* Build configuration list for PBXNativeTarget "SwiftTool" */;
			buildPhases = (
				DADA217453AF230F6886CAE4 /* [CP] Check Pods Manifest.lock */,
				1831114324469EB700155620 /* Sources */,
				1831114424469EB700155620 /* Frameworks */,
				1831114524469EB700155620 /* Resources */,
				7F4F9DB369C8CC510B4E9042 /* [CP] Embed Pods Frameworks */,
			);
			buildRules = (
			);
			dependencies = (
			);
			name = SwiftTool;
			productName = SwiftTool;
			productReference = 1831114724469EB700155620 /* SwiftTool.app */;
			productType = "com.apple.product-type.application";
		};
/* End PBXNativeTarget section */

/* Begin PBXProject section */
		1831113F24469EB700155620 /* Project object */ = {
			isa = PBXProject;
			attributes = {
				LastSwiftUpdateCheck = 1130;
				LastUpgradeCheck = 1130;
				ORGANIZATIONNAME = yinhe;
				TargetAttributes = {
					1831114624469EB700155620 = {
						CreatedOnToolsVersion = 11.3;
					};
				};
			};
			buildConfigurationList = 1831114224469EB700155620 /* Build configuration list for PBXProject "SwiftTool" */;
			compatibilityVersion = "Xcode 9.3";
			developmentRegion = en;
			hasScannedForEncodings = 0;
			knownRegions = (
				en,
				Base,
			);
			mainGroup = 1831113E24469EB700155620;
			productRefGroup = 1831114824469EB700155620 /* Products */;
			projectDirPath = "";
			projectRoot = "";
			targets = (
				1831114624469EB700155620 /* SwiftTool */,
			);
		};
/* End PBXProject section */

/* Begin PBXResourcesBuildPhase section */
		1831114524469EB700155620 /* Resources */ = {
			isa = PBXResourcesBuildPhase;
			buildActionMask = 2147483647;
			files = (
				1831125F2446F8F200155620 /* YHSystemFace.bundle in Resources */,
				1831115724469EB900155620 /* LaunchScreen.storyboard in Resources */,
				1818101E248E10F200BB4D03 /* test.png in Resources */,
				859A7D7A246EF00B008F7A4F /* SwiftyCity.bundle in Resources */,
				1831115424469EB900155620 /* Assets.xcassets in Resources */,
				1831126D2446FBB200155620 /* SwiftToolDescription in Resources */,
				1831115224469EB700155620 /* Main.storyboard in Resources */,
				180E6EC42468EBB3001B069C /* SwiftyHUD.bundle in Resources */,
			);
			runOnlyForDeploymentPostprocessing = 0;
		};
/* End PBXResourcesBuildPhase section */

/* Begin PBXShellScriptBuildPhase section */
		7F4F9DB369C8CC510B4E9042 /* [CP] Embed Pods Frameworks */ = {
			isa = PBXShellScriptBuildPhase;
			buildActionMask = 2147483647;
			files = (
			);
			inputFileListPaths = (
				"${PODS_ROOT}/Target Support Files/Pods-SwiftTool/Pods-SwiftTool-frameworks-${CONFIGURATION}-input-files.xcfilelist",
			);
			name = "[CP] Embed Pods Frameworks";
			outputFileListPaths = (
				"${PODS_ROOT}/Target Support Files/Pods-SwiftTool/Pods-SwiftTool-frameworks-${CONFIGURATION}-output-files.xcfilelist",
			);
			runOnlyForDeploymentPostprocessing = 0;
			shellPath = /bin/sh;
			shellScript = "\"${PODS_ROOT}/Target Support Files/Pods-SwiftTool/Pods-SwiftTool-frameworks.sh\"\n";
			showEnvVarsInLog = 0;
		};
		DADA217453AF230F6886CAE4 /* [CP] Check Pods Manifest.lock */ = {
			isa = PBXShellScriptBuildPhase;
			buildActionMask = 2147483647;
			files = (
			);
			inputFileListPaths = (
			);
			inputPaths = (
				"${PODS_PODFILE_DIR_PATH}/Podfile.lock",
				"${PODS_ROOT}/Manifest.lock",
			);
			name = "[CP] Check Pods Manifest.lock";
			outputFileListPaths = (
			);
			outputPaths = (
				"$(DERIVED_FILE_DIR)/Pods-SwiftTool-checkManifestLockResult.txt",
			);
			runOnlyForDeploymentPostprocessing = 0;
			shellPath = /bin/sh;
			shellScript = "diff \"${PODS_PODFILE_DIR_PATH}/Podfile.lock\" \"${PODS_ROOT}/Manifest.lock\" > /dev/null\nif [ $? != 0 ] ; then\n    # print error to STDERR\n    echo \"error: The sandbox is not in sync with the Podfile.lock. Run 'pod install' or update your CocoaPods installation.\" >&2\n    exit 1\nfi\n# This output is used by Xcode 'outputs' to avoid re-running this script phase.\necho \"SUCCESS\" > \"${SCRIPT_OUTPUT_FILE_0}\"\n";
			showEnvVarsInLog = 0;
		};
/* End PBXShellScriptBuildPhase section */

/* Begin PBXSourcesBuildPhase section */
		1831114324469EB700155620 /* Sources */ = {
			isa = PBXSourcesBuildPhase;
			buildActionMask = 2147483647;
			files = (
				8544C6CF246C4AAC00361C08 /* SwiftyPermission.swift in Sources */,
				182805E324727B1800A3D228 /* SwiftyFlowItemsDisplayNode.swift in Sources */,
				18EBB7332473B6B30080CC2B /* SwiftyFlowItemsAutoWidthTestViewController.swift in Sources */,
				854E899F248FC56700D1994B /* SwiftyCusNavigationBar.swift in Sources */,
				1831125C2446F8F200155620 /* YHSystemFaceHelper.m in Sources */,
				1848527D2487AC4900BD6A25 /* SwiftyAMapLocationTestViewController.swift in Sources */,
				1831114F24469EB700155620 /* ViewController.swift in Sources */,
				1831125D2446F8F200155620 /* YHSystemFacePageView.m in Sources */,
				1869FCD8247501D700798729 /* String+SwiftyExtension.swift in Sources */,
				1870F4B5246A389E0016D596 /* SwiftyLog.swift in Sources */,
				18D9E68124867E2400CFDC27 /* SwiftyBMKLocationTestViewController.swift in Sources */,
				8544C6C9246C3CAE00361C08 /* SwiftyPickerToolBar.swift in Sources */,
				182805E12472715C00A3D228 /* SwiftyTagContainerTestViewController.swift in Sources */,
				182805D724723C4700A3D228 /* UIImage+SwiftyExtensionForColor.swift in Sources */,
				1831125E2446F8F200155620 /* YHSystemFaceView.m in Sources */,
				1869FCDC2475023300798729 /* Array+SwiftyExtension.swift in Sources */,
				18DD746C249B6D950012B8D6 /* SwiftyTabBarDemoViewController.swift in Sources */,
				182805DD24726E6800A3D228 /* UIDevice+SwiftyExtension.swift in Sources */,
				852C2400247043A2003746E7 /* SwiftyCityModel.swift in Sources */,
				182805D924723C9B00A3D228 /* UIView+SwiftyExtensionForFrame.swift in Sources */,
				1869FCD62474FF7F00798729 /* Bundle+SwiftyExtension.swift in Sources */,
				1818101C248E0A9700BB4D03 /* SwiftyQCloudCOSManagerTestViewController.swift in Sources */,
				8544C6D1246C4B7F00361C08 /* SwiftyPermissionTestViewController.swift in Sources */,
				85CD1E452487E0D900149C71 /* Keys.swift in Sources */,
				8544C6CB246C3D2D00361C08 /* SwiftyDatePickerView.swift in Sources */,
				183112402446F8F200155620 /* YHRXAlamofire.swift in Sources */,
				18EDB3902498A6790083395C /* SwiftyTabBarBadgeView.swift in Sources */,
				1831114B24469EB700155620 /* AppDelegate.swift in Sources */,
				18EBB731247372DC0080CC2B /* SwiftyFlowItemsAutoMarginTestViewController.swift in Sources */,
				1827D03D246D23EA00429B36 /* SwiftyWordsSort.swift in Sources */,
				1827D02D246D1B7500429B36 /* SwiftyLogTestViewController.swift in Sources */,
				85C3234224853772007D2B73 /* SwiftyNativeLocation.swift in Sources */,
				182805DB24723CE200A3D228 /* UIView+SwiftyExtensionForSnapshot.swift in Sources */,
				859A7D80246EF7F7008F7A4F /* SwiftyCityPickerView.swift in Sources */,
				183091B22490D89C007EA52C /* SwiftyCusNavigationBarTestViewController.swift in Sources */,
				189404E82488A5DC005D9C29 /* SwiftyQCloudCOSManager.swift in Sources */,
				182805DF2472710000A3D228 /* SwiftyTagContainerView.swift in Sources */,
				180E6EC62468EC5C001B069C /* SwiftyMBHUD.swift in Sources */,
				1827D03B246D223A00429B36 /* SwiftyWordsSortTestViewController.swift in Sources */,
				85CD1E472487F52300149C71 /* SwiftyViewModelType.swift in Sources */,
				183111FA2446A8D400155620 /* Test.m in Sources */,
				1831125B2446F8F200155620 /* YHSystemFace.m in Sources */,
				183112412446F8F200155620 /* YHResult.swift in Sources */,
				852C23FE246F9091003746E7 /* SwiftyCityPickerTestViewController.swift in Sources */,
				8544C6CD246C3ED100361C08 /* SwiftyPickerView.swift in Sources */,
				1870F4B2246A2E1D0016D596 /* SwiftyMBHUDTestViewController.swift in Sources */,
				85C3234424853CF6007D2B73 /* SwiftyNativeLocationTestViewController.swift in Sources */,
				183112572446F8F200155620 /* YHRxProgressTracker.swift in Sources */,
				1869FCDA2475020A00798729 /* Dictionary+SwiftyExtension.swift in Sources */,
				182805D52472394700A3D228 /* UIColor+SwiftyExtension.swift in Sources */,
				183091B42490D950007EA52C /* SwiftyBaseViewController.swift in Sources */,
				182805E5247282E600A3D228 /* SwiftyFlowItemsTestViewController.swift in Sources */,
				18998DB7246E300400EE72F0 /* String+Words.swift in Sources */,
				18EDB38E2498998D0083395C /* SwiftyTabBarItem.swift in Sources */,
				18EDB3922498B24F0083395C /* SwiftyTabBarItemContainer.swift in Sources */,
				18485278248774E400BD6A25 /* SwiftyAMapLocation.m in Sources */,
				18AD961724920C3900500C78 /* SwiftyTabBarController.swift in Sources */,
				182B7BB9246B873D000A95D0 /* SwiftyPickerTestViewController.swift in Sources */,
				18EDB38C249897A30083395C /* SwiftyTabBar.swift in Sources */,
				18EBB7352473BA350080CC2B /* UIApplication+SwiftyExtensionForURL.swift in Sources */,
				18EBB7382473CB670080CC2B /* SwiftyFileManager.swift in Sources */,
				18D9E67F248675C200CFDC27 /* SwiftyBMKLocation.m in Sources */,
				1869FCDE2475044C00798729 /* CGFloat+SwiftyExtension.swift in Sources */,
				183112602446F8F200155620 /* YHRxImagePickerDelegateProxy.swift in Sources */,
			);
			runOnlyForDeploymentPostprocessing = 0;
		};
/* End PBXSourcesBuildPhase section */

/* Begin PBXVariantGroup section */
		1831115024469EB700155620 /* Main.storyboard */ = {
			isa = PBXVariantGroup;
			children = (
				1831115124469EB700155620 /* Base */,
			);
			name = Main.storyboard;
			sourceTree = "<group>";
		};
		1831115524469EB900155620 /* LaunchScreen.storyboard */ = {
			isa = PBXVariantGroup;
			children = (
				1831115624469EB900155620 /* Base */,
			);
			name = LaunchScreen.storyboard;
			sourceTree = "<group>";
		};
/* End PBXVariantGroup section */

/* Begin XCBuildConfiguration section */
		1831115924469EB900155620 /* Debug */ = {
			isa = XCBuildConfiguration;
			buildSettings = {
				ALWAYS_SEARCH_USER_PATHS = NO;
				CLANG_ANALYZER_NONNULL = YES;
				CLANG_ANALYZER_NUMBER_OBJECT_CONVERSION = YES_AGGRESSIVE;
				CLANG_CXX_LANGUAGE_STANDARD = "gnu++14";
				CLANG_CXX_LIBRARY = "libc++";
				CLANG_ENABLE_MODULES = YES;
				CLANG_ENABLE_OBJC_ARC = YES;
				CLANG_ENABLE_OBJC_WEAK = YES;
				CLANG_WARN_BLOCK_CAPTURE_AUTORELEASING = YES;
				CLANG_WARN_BOOL_CONVERSION = YES;
				CLANG_WARN_COMMA = YES;
				CLANG_WARN_CONSTANT_CONVERSION = YES;
				CLANG_WARN_DEPRECATED_OBJC_IMPLEMENTATIONS = YES;
				CLANG_WARN_DIRECT_OBJC_ISA_USAGE = YES_ERROR;
				CLANG_WARN_DOCUMENTATION_COMMENTS = YES;
				CLANG_WARN_EMPTY_BODY = YES;
				CLANG_WARN_ENUM_CONVERSION = YES;
				CLANG_WARN_INFINITE_RECURSION = YES;
				CLANG_WARN_INT_CONVERSION = YES;
				CLANG_WARN_NON_LITERAL_NULL_CONVERSION = YES;
				CLANG_WARN_OBJC_IMPLICIT_RETAIN_SELF = YES;
				CLANG_WARN_OBJC_LITERAL_CONVERSION = YES;
				CLANG_WARN_OBJC_ROOT_CLASS = YES_ERROR;
				CLANG_WARN_RANGE_LOOP_ANALYSIS = YES;
				CLANG_WARN_STRICT_PROTOTYPES = YES;
				CLANG_WARN_SUSPICIOUS_MOVE = YES;
				CLANG_WARN_UNGUARDED_AVAILABILITY = YES_AGGRESSIVE;
				CLANG_WARN_UNREACHABLE_CODE = YES;
				CLANG_WARN__DUPLICATE_METHOD_MATCH = YES;
				COPY_PHASE_STRIP = NO;
				DEBUG_INFORMATION_FORMAT = dwarf;
				ENABLE_STRICT_OBJC_MSGSEND = YES;
				ENABLE_TESTABILITY = YES;
				GCC_C_LANGUAGE_STANDARD = gnu11;
				GCC_DYNAMIC_NO_PIC = NO;
				GCC_NO_COMMON_BLOCKS = YES;
				GCC_OPTIMIZATION_LEVEL = 0;
				GCC_PREPROCESSOR_DEFINITIONS = (
					"DEBUG=1",
					"$(inherited)",
				);
				GCC_WARN_64_TO_32_BIT_CONVERSION = YES;
				GCC_WARN_ABOUT_RETURN_TYPE = YES_ERROR;
				GCC_WARN_UNDECLARED_SELECTOR = YES;
				GCC_WARN_UNINITIALIZED_AUTOS = YES_AGGRESSIVE;
				GCC_WARN_UNUSED_FUNCTION = YES;
				GCC_WARN_UNUSED_VARIABLE = YES;
				IPHONEOS_DEPLOYMENT_TARGET = 13.2;
				MTL_ENABLE_DEBUG_INFO = INCLUDE_SOURCE;
				MTL_FAST_MATH = YES;
				ONLY_ACTIVE_ARCH = YES;
				SDKROOT = iphoneos;
				SWIFT_ACTIVE_COMPILATION_CONDITIONS = DEBUG;
				SWIFT_OPTIMIZATION_LEVEL = "-Onone";
			};
			name = Debug;
		};
		1831115A24469EB900155620 /* Release */ = {
			isa = XCBuildConfiguration;
			buildSettings = {
				ALWAYS_SEARCH_USER_PATHS = NO;
				CLANG_ANALYZER_NONNULL = YES;
				CLANG_ANALYZER_NUMBER_OBJECT_CONVERSION = YES_AGGRESSIVE;
				CLANG_CXX_LANGUAGE_STANDARD = "gnu++14";
				CLANG_CXX_LIBRARY = "libc++";
				CLANG_ENABLE_MODULES = YES;
				CLANG_ENABLE_OBJC_ARC = YES;
				CLANG_ENABLE_OBJC_WEAK = YES;
				CLANG_WARN_BLOCK_CAPTURE_AUTORELEASING = YES;
				CLANG_WARN_BOOL_CONVERSION = YES;
				CLANG_WARN_COMMA = YES;
				CLANG_WARN_CONSTANT_CONVERSION = YES;
				CLANG_WARN_DEPRECATED_OBJC_IMPLEMENTATIONS = YES;
				CLANG_WARN_DIRECT_OBJC_ISA_USAGE = YES_ERROR;
				CLANG_WARN_DOCUMENTATION_COMMENTS = YES;
				CLANG_WARN_EMPTY_BODY = YES;
				CLANG_WARN_ENUM_CONVERSION = YES;
				CLANG_WARN_INFINITE_RECURSION = YES;
				CLANG_WARN_INT_CONVERSION = YES;
				CLANG_WARN_NON_LITERAL_NULL_CONVERSION = YES;
				CLANG_WARN_OBJC_IMPLICIT_RETAIN_SELF = YES;
				CLANG_WARN_OBJC_LITERAL_CONVERSION = YES;
				CLANG_WARN_OBJC_ROOT_CLASS = YES_ERROR;
				CLANG_WARN_RANGE_LOOP_ANALYSIS = YES;
				CLANG_WARN_STRICT_PROTOTYPES = YES;
				CLANG_WARN_SUSPICIOUS_MOVE = YES;
				CLANG_WARN_UNGUARDED_AVAILABILITY = YES_AGGRESSIVE;
				CLANG_WARN_UNREACHABLE_CODE = YES;
				CLANG_WARN__DUPLICATE_METHOD_MATCH = YES;
				COPY_PHASE_STRIP = NO;
				DEBUG_INFORMATION_FORMAT = "dwarf-with-dsym";
				ENABLE_NS_ASSERTIONS = NO;
				ENABLE_STRICT_OBJC_MSGSEND = YES;
				GCC_C_LANGUAGE_STANDARD = gnu11;
				GCC_NO_COMMON_BLOCKS = YES;
				GCC_WARN_64_TO_32_BIT_CONVERSION = YES;
				GCC_WARN_ABOUT_RETURN_TYPE = YES_ERROR;
				GCC_WARN_UNDECLARED_SELECTOR = YES;
				GCC_WARN_UNINITIALIZED_AUTOS = YES_AGGRESSIVE;
				GCC_WARN_UNUSED_FUNCTION = YES;
				GCC_WARN_UNUSED_VARIABLE = YES;
				IPHONEOS_DEPLOYMENT_TARGET = 13.2;
				MTL_ENABLE_DEBUG_INFO = NO;
				MTL_FAST_MATH = YES;
				SDKROOT = iphoneos;
				SWIFT_COMPILATION_MODE = wholemodule;
				SWIFT_OPTIMIZATION_LEVEL = "-O";
				VALIDATE_PRODUCT = YES;
			};
			name = Release;
		};
		1831115C24469EB900155620 /* Debug */ = {
			isa = XCBuildConfiguration;
			baseConfigurationReference = B4B9793D1D5B9C59651E2DBB /* Pods-SwiftTool.debug.xcconfig */;
			buildSettings = {
				ASSETCATALOG_COMPILER_APPICON_NAME = AppIcon;
				CODE_SIGN_STYLE = Automatic;
				DEVELOPMENT_TEAM = W642XAJPP4;
				INFOPLIST_FILE = SwiftTool/Info.plist;
				IPHONEOS_DEPLOYMENT_TARGET = 9.0;
				LD_RUNPATH_SEARCH_PATHS = (
					"$(inherited)",
					"@executable_path/Frameworks",
				);
				PRODUCT_BUNDLE_IDENTIFIER = com.yinhe.SwiftTool1;
				PRODUCT_NAME = "$(TARGET_NAME)";
				SWIFT_OBJC_BRIDGING_HEADER = "SwiftTool/SwiftTool-Bridging-Header.h";
				SWIFT_VERSION = 5.0;
				TARGETED_DEVICE_FAMILY = 1;
			};
			name = Debug;
		};
		1831115D24469EB900155620 /* Release */ = {
			isa = XCBuildConfiguration;
			baseConfigurationReference = 425C6511002199BBE0183C7D /* Pods-SwiftTool.release.xcconfig */;
			buildSettings = {
				ASSETCATALOG_COMPILER_APPICON_NAME = AppIcon;
				CODE_SIGN_STYLE = Automatic;
				DEVELOPMENT_TEAM = W642XAJPP4;
				INFOPLIST_FILE = SwiftTool/Info.plist;
				IPHONEOS_DEPLOYMENT_TARGET = 9.0;
				LD_RUNPATH_SEARCH_PATHS = (
					"$(inherited)",
					"@executable_path/Frameworks",
				);
				PRODUCT_BUNDLE_IDENTIFIER = com.yinhe.SwiftTool1;
				PRODUCT_NAME = "$(TARGET_NAME)";
				SWIFT_OBJC_BRIDGING_HEADER = "SwiftTool/SwiftTool-Bridging-Header.h";
				SWIFT_VERSION = 5.0;
				TARGETED_DEVICE_FAMILY = 1;
			};
			name = Release;
		};
/* End XCBuildConfiguration section */

/* Begin XCConfigurationList section */
		1831114224469EB700155620 /* Build configuration list for PBXProject "SwiftTool" */ = {
			isa = XCConfigurationList;
			buildConfigurations = (
				1831115924469EB900155620 /* Debug */,
				1831115A24469EB900155620 /* Release */,
			);
			defaultConfigurationIsVisible = 0;
			defaultConfigurationName = Release;
		};
		1831115B24469EB900155620 /* Build configuration list for PBXNativeTarget "SwiftTool" */ = {
			isa = XCConfigurationList;
			buildConfigurations = (
				1831115C24469EB900155620 /* Debug */,
				1831115D24469EB900155620 /* Release */,
			);
			defaultConfigurationIsVisible = 0;
			defaultConfigurationName = Release;
		};
/* End XCConfigurationList section */
	};
	rootObject = 1831113F24469EB700155620 /* Project object */;
}
